// !$*UTF8*$!
{
	archiveVersion = 1;
	classes = {
	};
	objectVersion = 50;
	objects = {

/* Begin PBXBuildFile section */
		6A05B34C242F73370096DBCD /* AppDelegate.swift in Sources */ = {isa = PBXBuildFile; fileRef = 6A05B34B242F73370096DBCD /* AppDelegate.swift */; };
		6A05B34E242F73370096DBCD /* FirstViewController.swift in Sources */ = {isa = PBXBuildFile; fileRef = 6A05B34D242F73370096DBCD /* FirstViewController.swift */; };
		6A05B350242F73370096DBCD /* SecondViewController.swift in Sources */ = {isa = PBXBuildFile; fileRef = 6A05B34F242F73370096DBCD /* SecondViewController.swift */; };
		6A05B353242F73370096DBCD /* Main.storyboard in Resources */ = {isa = PBXBuildFile; fileRef = 6A05B351242F73370096DBCD /* Main.storyboard */; };
		6A05B355242F733A0096DBCD /* Assets.xcassets in Resources */ = {isa = PBXBuildFile; fileRef = 6A05B354242F733A0096DBCD /* Assets.xcassets */; };
		6A05B358242F733A0096DBCD /* LaunchScreen.storyboard in Resources */ = {isa = PBXBuildFile; fileRef = 6A05B356242F733A0096DBCD /* LaunchScreen.storyboard */; };
		6A05B363242F733A0096DBCD /* Hymnal_TVTests.swift in Sources */ = {isa = PBXBuildFile; fileRef = 6A05B362242F733A0096DBCD /* Hymnal_TVTests.swift */; };
		6A05B36E242F733A0096DBCD /* Hymnal_TVUITests.swift in Sources */ = {isa = PBXBuildFile; fileRef = 6A05B36D242F733A0096DBCD /* Hymnal_TVUITests.swift */; };
		6A05B380242F73DF0096DBCD /* AppDelegate.swift in Sources */ = {isa = PBXBuildFile; fileRef = 6A05B37F242F73DF0096DBCD /* AppDelegate.swift */; };
		6A05B382242F73DF0096DBCD /* ViewController.swift in Sources */ = {isa = PBXBuildFile; fileRef = 6A05B381242F73DF0096DBCD /* ViewController.swift */; };
		6A05B384242F73E10096DBCD /* Assets.xcassets in Resources */ = {isa = PBXBuildFile; fileRef = 6A05B383242F73E10096DBCD /* Assets.xcassets */; };
		6A05B387242F73E10096DBCD /* Main.storyboard in Resources */ = {isa = PBXBuildFile; fileRef = 6A05B385242F73E10096DBCD /* Main.storyboard */; };
		6A05B393242F73E10096DBCD /* Hymnal_OSXTests.swift in Sources */ = {isa = PBXBuildFile; fileRef = 6A05B392242F73E10096DBCD /* Hymnal_OSXTests.swift */; };
		6A05B39E242F73E10096DBCD /* Hymnal_OSXUITests.swift in Sources */ = {isa = PBXBuildFile; fileRef = 6A05B39D242F73E10096DBCD /* Hymnal_OSXUITests.swift */; };
		6A05B3B0242F74490096DBCD /* AppDelegate.swift in Sources */ = {isa = PBXBuildFile; fileRef = 6A05B3AF242F74490096DBCD /* AppDelegate.swift */; };
		6A05B3B2242F74490096DBCD /* SceneDelegate.swift in Sources */ = {isa = PBXBuildFile; fileRef = 6A05B3B1242F74490096DBCD /* SceneDelegate.swift */; };
		6A05B3B9242F74490096DBCD /* Main.storyboard in Resources */ = {isa = PBXBuildFile; fileRef = 6A05B3B7242F74490096DBCD /* Main.storyboard */; };
		6A05B3BB242F744A0096DBCD /* Assets.xcassets in Resources */ = {isa = PBXBuildFile; fileRef = 6A05B3BA242F744A0096DBCD /* Assets.xcassets */; };
		6A05B3BE242F744A0096DBCD /* LaunchScreen.storyboard in Resources */ = {isa = PBXBuildFile; fileRef = 6A05B3BC242F744A0096DBCD /* LaunchScreen.storyboard */; };
		6A05B3C9242F744A0096DBCD /* Hymnal_iOSTests.swift in Sources */ = {isa = PBXBuildFile; fileRef = 6A05B3C8242F744A0096DBCD /* Hymnal_iOSTests.swift */; };
		6A05B3D4242F744A0096DBCD /* Hymnal_iOSUITests.swift in Sources */ = {isa = PBXBuildFile; fileRef = 6A05B3D3242F744A0096DBCD /* Hymnal_iOSUITests.swift */; };
		6A05B3E4242F75A00096DBCD /* Hymn.swift in Sources */ = {isa = PBXBuildFile; fileRef = 6A05B3E3242F75A00096DBCD /* Hymn.swift */; };
		6A3B84FD242F837700D845F2 /* Media.xcassets in Resources */ = {isa = PBXBuildFile; fileRef = 6A3B84FC242F837700D845F2 /* Media.xcassets */; };
		6A3B84FE242F837700D845F2 /* Media.xcassets in Resources */ = {isa = PBXBuildFile; fileRef = 6A3B84FC242F837700D845F2 /* Media.xcassets */; };
		6A3B84FF242F837700D845F2 /* Media.xcassets in Resources */ = {isa = PBXBuildFile; fileRef = 6A3B84FC242F837700D845F2 /* Media.xcassets */; };
		6A3B8502242F8C2B00D845F2 /* ViewController.swift in Sources */ = {isa = PBXBuildFile; fileRef = 6A3B8501242F8C2B00D845F2 /* ViewController.swift */; };
		6A3B8504242F8DE100D845F2 /* NumberViewController.swift in Sources */ = {isa = PBXBuildFile; fileRef = 6A3B8503242F8DE100D845F2 /* NumberViewController.swift */; };
		6A3B8506242F8E1500D845F2 /* IndexViewController.swift in Sources */ = {isa = PBXBuildFile; fileRef = 6A3B8505242F8E1500D845F2 /* IndexViewController.swift */; };
		6A3B8508242F8E3300D845F2 /* FavoritesViewController.swift in Sources */ = {isa = PBXBuildFile; fileRef = 6A3B8507242F8E3300D845F2 /* FavoritesViewController.swift */; };
		6A3B850B242F8E5700D845F2 /* SettingsViewController.swift in Sources */ = {isa = PBXBuildFile; fileRef = 6A3B850A242F8E5700D845F2 /* SettingsViewController.swift */; };
		6A3B850F242FB26700D845F2 /* HymnViewController.swift in Sources */ = {isa = PBXBuildFile; fileRef = 6A3B850E242FB26700D845F2 /* HymnViewController.swift */; };
		6A3B8514242FCB0100D845F2 /* SearchTableViewController.swift in Sources */ = {isa = PBXBuildFile; fileRef = 6A3B8513242FCB0100D845F2 /* SearchTableViewController.swift */; };
/* End PBXBuildFile section */

/* Begin PBXContainerItemProxy section */
		6A05B35F242F733A0096DBCD /* PBXContainerItemProxy */ = {
			isa = PBXContainerItemProxy;
			containerPortal = 6A05B2D3242F70D50096DBCD /* Project object */;
			proxyType = 1;
			remoteGlobalIDString = 6A05B348242F73370096DBCD;
			remoteInfo = Hymnal.TV;
		};
		6A05B36A242F733A0096DBCD /* PBXContainerItemProxy */ = {
			isa = PBXContainerItemProxy;
			containerPortal = 6A05B2D3242F70D50096DBCD /* Project object */;
			proxyType = 1;
			remoteGlobalIDString = 6A05B348242F73370096DBCD;
			remoteInfo = Hymnal.TV;
		};
		6A05B38F242F73E10096DBCD /* PBXContainerItemProxy */ = {
			isa = PBXContainerItemProxy;
			containerPortal = 6A05B2D3242F70D50096DBCD /* Project object */;
			proxyType = 1;
			remoteGlobalIDString = 6A05B37C242F73DF0096DBCD;
			remoteInfo = Hymnal.OSX;
		};
		6A05B39A242F73E10096DBCD /* PBXContainerItemProxy */ = {
			isa = PBXContainerItemProxy;
			containerPortal = 6A05B2D3242F70D50096DBCD /* Project object */;
			proxyType = 1;
			remoteGlobalIDString = 6A05B37C242F73DF0096DBCD;
			remoteInfo = Hymnal.OSX;
		};
		6A05B3C5242F744A0096DBCD /* PBXContainerItemProxy */ = {
			isa = PBXContainerItemProxy;
			containerPortal = 6A05B2D3242F70D50096DBCD /* Project object */;
			proxyType = 1;
			remoteGlobalIDString = 6A05B3AC242F74490096DBCD;
			remoteInfo = Hymnal.iOS;
		};
		6A05B3D0242F744A0096DBCD /* PBXContainerItemProxy */ = {
			isa = PBXContainerItemProxy;
			containerPortal = 6A05B2D3242F70D50096DBCD /* Project object */;
			proxyType = 1;
			remoteGlobalIDString = 6A05B3AC242F74490096DBCD;
			remoteInfo = Hymnal.iOS;
		};
/* End PBXContainerItemProxy section */

/* Begin PBXFileReference section */
		6A05B349242F73370096DBCD /* Hymnal.TV.app */ = {isa = PBXFileReference; explicitFileType = wrapper.application; includeInIndex = 0; path = Hymnal.TV.app; sourceTree = BUILT_PRODUCTS_DIR; };
		6A05B34B242F73370096DBCD /* AppDelegate.swift */ = {isa = PBXFileReference; lastKnownFileType = sourcecode.swift; path = AppDelegate.swift; sourceTree = "<group>"; };
		6A05B34D242F73370096DBCD /* FirstViewController.swift */ = {isa = PBXFileReference; lastKnownFileType = sourcecode.swift; path = FirstViewController.swift; sourceTree = "<group>"; };
		6A05B34F242F73370096DBCD /* SecondViewController.swift */ = {isa = PBXFileReference; lastKnownFileType = sourcecode.swift; path = SecondViewController.swift; sourceTree = "<group>"; };
		6A05B352242F73370096DBCD /* Base */ = {isa = PBXFileReference; lastKnownFileType = file.storyboard; name = Base; path = Base.lproj/Main.storyboard; sourceTree = "<group>"; };
		6A05B354242F733A0096DBCD /* Assets.xcassets */ = {isa = PBXFileReference; lastKnownFileType = folder.assetcatalog; path = Assets.xcassets; sourceTree = "<group>"; };
		6A05B357242F733A0096DBCD /* Base */ = {isa = PBXFileReference; lastKnownFileType = file.storyboard; name = Base; path = Base.lproj/LaunchScreen.storyboard; sourceTree = "<group>"; };
		6A05B359242F733A0096DBCD /* Info.plist */ = {isa = PBXFileReference; lastKnownFileType = text.plist.xml; path = Info.plist; sourceTree = "<group>"; };
		6A05B35E242F733A0096DBCD /* Hymnal.TVTests.xctest */ = {isa = PBXFileReference; explicitFileType = wrapper.cfbundle; includeInIndex = 0; path = Hymnal.TVTests.xctest; sourceTree = BUILT_PRODUCTS_DIR; };
		6A05B362242F733A0096DBCD /* Hymnal_TVTests.swift */ = {isa = PBXFileReference; lastKnownFileType = sourcecode.swift; path = Hymnal_TVTests.swift; sourceTree = "<group>"; };
		6A05B364242F733A0096DBCD /* Info.plist */ = {isa = PBXFileReference; lastKnownFileType = text.plist.xml; path = Info.plist; sourceTree = "<group>"; };
		6A05B369242F733A0096DBCD /* Hymnal.TVUITests.xctest */ = {isa = PBXFileReference; explicitFileType = wrapper.cfbundle; includeInIndex = 0; path = Hymnal.TVUITests.xctest; sourceTree = BUILT_PRODUCTS_DIR; };
		6A05B36D242F733A0096DBCD /* Hymnal_TVUITests.swift */ = {isa = PBXFileReference; lastKnownFileType = sourcecode.swift; path = Hymnal_TVUITests.swift; sourceTree = "<group>"; };
		6A05B36F242F733A0096DBCD /* Info.plist */ = {isa = PBXFileReference; lastKnownFileType = text.plist.xml; path = Info.plist; sourceTree = "<group>"; };
		6A05B37D242F73DF0096DBCD /* Hymnal.OSX.app */ = {isa = PBXFileReference; explicitFileType = wrapper.application; includeInIndex = 0; path = Hymnal.OSX.app; sourceTree = BUILT_PRODUCTS_DIR; };
		6A05B37F242F73DF0096DBCD /* AppDelegate.swift */ = {isa = PBXFileReference; lastKnownFileType = sourcecode.swift; path = AppDelegate.swift; sourceTree = "<group>"; };
		6A05B381242F73DF0096DBCD /* ViewController.swift */ = {isa = PBXFileReference; lastKnownFileType = sourcecode.swift; path = ViewController.swift; sourceTree = "<group>"; };
		6A05B383242F73E10096DBCD /* Assets.xcassets */ = {isa = PBXFileReference; lastKnownFileType = folder.assetcatalog; path = Assets.xcassets; sourceTree = "<group>"; };
		6A05B386242F73E10096DBCD /* Base */ = {isa = PBXFileReference; lastKnownFileType = file.storyboard; name = Base; path = Base.lproj/Main.storyboard; sourceTree = "<group>"; };
		6A05B388242F73E10096DBCD /* Info.plist */ = {isa = PBXFileReference; lastKnownFileType = text.plist.xml; path = Info.plist; sourceTree = "<group>"; };
		6A05B389242F73E10096DBCD /* Hymnal_OSX.entitlements */ = {isa = PBXFileReference; lastKnownFileType = text.plist.entitlements; path = Hymnal_OSX.entitlements; sourceTree = "<group>"; };
		6A05B38E242F73E10096DBCD /* Hymnal.OSXTests.xctest */ = {isa = PBXFileReference; explicitFileType = wrapper.cfbundle; includeInIndex = 0; path = Hymnal.OSXTests.xctest; sourceTree = BUILT_PRODUCTS_DIR; };
		6A05B392242F73E10096DBCD /* Hymnal_OSXTests.swift */ = {isa = PBXFileReference; lastKnownFileType = sourcecode.swift; path = Hymnal_OSXTests.swift; sourceTree = "<group>"; };
		6A05B394242F73E10096DBCD /* Info.plist */ = {isa = PBXFileReference; lastKnownFileType = text.plist.xml; path = Info.plist; sourceTree = "<group>"; };
		6A05B399242F73E10096DBCD /* Hymnal.OSXUITests.xctest */ = {isa = PBXFileReference; explicitFileType = wrapper.cfbundle; includeInIndex = 0; path = Hymnal.OSXUITests.xctest; sourceTree = BUILT_PRODUCTS_DIR; };
		6A05B39D242F73E10096DBCD /* Hymnal_OSXUITests.swift */ = {isa = PBXFileReference; lastKnownFileType = sourcecode.swift; path = Hymnal_OSXUITests.swift; sourceTree = "<group>"; };
		6A05B39F242F73E10096DBCD /* Info.plist */ = {isa = PBXFileReference; lastKnownFileType = text.plist.xml; path = Info.plist; sourceTree = "<group>"; };
		6A05B3AD242F74490096DBCD /* Hymnal.app */ = {isa = PBXFileReference; explicitFileType = wrapper.application; includeInIndex = 0; path = Hymnal.app; sourceTree = BUILT_PRODUCTS_DIR; };
		6A05B3AF242F74490096DBCD /* AppDelegate.swift */ = {isa = PBXFileReference; lastKnownFileType = sourcecode.swift; path = AppDelegate.swift; sourceTree = "<group>"; };
		6A05B3B1242F74490096DBCD /* SceneDelegate.swift */ = {isa = PBXFileReference; lastKnownFileType = sourcecode.swift; path = SceneDelegate.swift; sourceTree = "<group>"; };
		6A05B3B8242F74490096DBCD /* Base */ = {isa = PBXFileReference; lastKnownFileType = file.storyboard; name = Base; path = Base.lproj/Main.storyboard; sourceTree = "<group>"; };
		6A05B3BA242F744A0096DBCD /* Assets.xcassets */ = {isa = PBXFileReference; lastKnownFileType = folder.assetcatalog; path = Assets.xcassets; sourceTree = "<group>"; };
		6A05B3BD242F744A0096DBCD /* Base */ = {isa = PBXFileReference; lastKnownFileType = file.storyboard; name = Base; path = Base.lproj/LaunchScreen.storyboard; sourceTree = "<group>"; };
		6A05B3BF242F744A0096DBCD /* Info.plist */ = {isa = PBXFileReference; lastKnownFileType = text.plist.xml; path = Info.plist; sourceTree = "<group>"; };
		6A05B3C4242F744A0096DBCD /* Hymnal.iOSTests.xctest */ = {isa = PBXFileReference; explicitFileType = wrapper.cfbundle; includeInIndex = 0; path = Hymnal.iOSTests.xctest; sourceTree = BUILT_PRODUCTS_DIR; };
		6A05B3C8242F744A0096DBCD /* Hymnal_iOSTests.swift */ = {isa = PBXFileReference; lastKnownFileType = sourcecode.swift; path = Hymnal_iOSTests.swift; sourceTree = "<group>"; };
		6A05B3CA242F744A0096DBCD /* Info.plist */ = {isa = PBXFileReference; lastKnownFileType = text.plist.xml; path = Info.plist; sourceTree = "<group>"; };
		6A05B3CF242F744A0096DBCD /* Hymnal.iOSUITests.xctest */ = {isa = PBXFileReference; explicitFileType = wrapper.cfbundle; includeInIndex = 0; path = Hymnal.iOSUITests.xctest; sourceTree = BUILT_PRODUCTS_DIR; };
		6A05B3D3242F744A0096DBCD /* Hymnal_iOSUITests.swift */ = {isa = PBXFileReference; lastKnownFileType = sourcecode.swift; path = Hymnal_iOSUITests.swift; sourceTree = "<group>"; };
		6A05B3D5242F744A0096DBCD /* Info.plist */ = {isa = PBXFileReference; lastKnownFileType = text.plist.xml; path = Info.plist; sourceTree = "<group>"; };
		6A05B3E3242F75A00096DBCD /* Hymn.swift */ = {isa = PBXFileReference; lastKnownFileType = sourcecode.swift; path = Hymn.swift; sourceTree = "<group>"; };
		6A3B84FC242F837700D845F2 /* Media.xcassets */ = {isa = PBXFileReference; lastKnownFileType = folder.assetcatalog; path = Media.xcassets; sourceTree = "<group>"; };
		6A3B8501242F8C2B00D845F2 /* ViewController.swift */ = {isa = PBXFileReference; lastKnownFileType = sourcecode.swift; path = ViewController.swift; sourceTree = "<group>"; };
		6A3B8503242F8DE100D845F2 /* NumberViewController.swift */ = {isa = PBXFileReference; lastKnownFileType = sourcecode.swift; path = NumberViewController.swift; sourceTree = "<group>"; };
		6A3B8505242F8E1500D845F2 /* IndexViewController.swift */ = {isa = PBXFileReference; lastKnownFileType = sourcecode.swift; path = IndexViewController.swift; sourceTree = "<group>"; };
		6A3B8507242F8E3300D845F2 /* FavoritesViewController.swift */ = {isa = PBXFileReference; lastKnownFileType = sourcecode.swift; path = FavoritesViewController.swift; sourceTree = "<group>"; };
		6A3B850A242F8E5700D845F2 /* SettingsViewController.swift */ = {isa = PBXFileReference; lastKnownFileType = sourcecode.swift; path = SettingsViewController.swift; sourceTree = "<group>"; };
		6A3B850E242FB26700D845F2 /* HymnViewController.swift */ = {isa = PBXFileReference; lastKnownFileType = sourcecode.swift; path = HymnViewController.swift; sourceTree = "<group>"; };
		6A3B8513242FCB0100D845F2 /* SearchTableViewController.swift */ = {isa = PBXFileReference; lastKnownFileType = sourcecode.swift; path = SearchTableViewController.swift; sourceTree = "<group>"; };
/* End PBXFileReference section */

/* Begin PBXFrameworksBuildPhase section */
		6A05B346242F73370096DBCD /* Frameworks */ = {
			isa = PBXFrameworksBuildPhase;
			buildActionMask = 2147483647;
			files = (
			);
			runOnlyForDeploymentPostprocessing = 0;
		};
		6A05B35B242F733A0096DBCD /* Frameworks */ = {
			isa = PBXFrameworksBuildPhase;
			buildActionMask = 2147483647;
			files = (
			);
			runOnlyForDeploymentPostprocessing = 0;
		};
		6A05B366242F733A0096DBCD /* Frameworks */ = {
			isa = PBXFrameworksBuildPhase;
			buildActionMask = 2147483647;
			files = (
			);
			runOnlyForDeploymentPostprocessing = 0;
		};
		6A05B37A242F73DF0096DBCD /* Frameworks */ = {
			isa = PBXFrameworksBuildPhase;
			buildActionMask = 2147483647;
			files = (
			);
			runOnlyForDeploymentPostprocessing = 0;
		};
		6A05B38B242F73E10096DBCD /* Frameworks */ = {
			isa = PBXFrameworksBuildPhase;
			buildActionMask = 2147483647;
			files = (
			);
			runOnlyForDeploymentPostprocessing = 0;
		};
		6A05B396242F73E10096DBCD /* Frameworks */ = {
			isa = PBXFrameworksBuildPhase;
			buildActionMask = 2147483647;
			files = (
			);
			runOnlyForDeploymentPostprocessing = 0;
		};
		6A05B3AA242F74490096DBCD /* Frameworks */ = {
			isa = PBXFrameworksBuildPhase;
			buildActionMask = 2147483647;
			files = (
			);
			runOnlyForDeploymentPostprocessing = 0;
		};
		6A05B3C1242F744A0096DBCD /* Frameworks */ = {
			isa = PBXFrameworksBuildPhase;
			buildActionMask = 2147483647;
			files = (
			);
			runOnlyForDeploymentPostprocessing = 0;
		};
		6A05B3CC242F744A0096DBCD /* Frameworks */ = {
			isa = PBXFrameworksBuildPhase;
			buildActionMask = 2147483647;
			files = (
			);
			runOnlyForDeploymentPostprocessing = 0;
		};
/* End PBXFrameworksBuildPhase section */

/* Begin PBXGroup section */
		6A05B2D2242F70D50096DBCD = {
			isa = PBXGroup;
			children = (
				6A3B84FB242F835A00D845F2 /* Hymnal.Shared */,
				6A05B3AE242F74490096DBCD /* Hymnal.iOS */,
				6A05B3C7242F744A0096DBCD /* Hymnal.iOSTests */,
				6A05B3D2242F744A0096DBCD /* Hymnal.iOSUITests */,
				6A05B34A242F73370096DBCD /* Hymnal.TV */,
				6A05B361242F733A0096DBCD /* Hymnal.TVTests */,
				6A05B36C242F733A0096DBCD /* Hymnal.TVUITests */,
				6A05B37E242F73DF0096DBCD /* Hymnal.OSX */,
				6A05B391242F73E10096DBCD /* Hymnal.OSXTests */,
				6A05B39C242F73E10096DBCD /* Hymnal.OSXUITests */,
				6A05B313242F72B60096DBCD /* Products */,
			);
			sourceTree = "<group>";
		};
		6A05B313242F72B60096DBCD /* Products */ = {
			isa = PBXGroup;
			children = (
				6A05B349242F73370096DBCD /* Hymnal.TV.app */,
				6A05B35E242F733A0096DBCD /* Hymnal.TVTests.xctest */,
				6A05B369242F733A0096DBCD /* Hymnal.TVUITests.xctest */,
				6A05B37D242F73DF0096DBCD /* Hymnal.OSX.app */,
				6A05B38E242F73E10096DBCD /* Hymnal.OSXTests.xctest */,
				6A05B399242F73E10096DBCD /* Hymnal.OSXUITests.xctest */,
				6A05B3AD242F74490096DBCD /* Hymnal.app */,
				6A05B3C4242F744A0096DBCD /* Hymnal.iOSTests.xctest */,
				6A05B3CF242F744A0096DBCD /* Hymnal.iOSUITests.xctest */,
			);
			name = Products;
			sourceTree = "<group>";
		};
		6A05B34A242F73370096DBCD /* Hymnal.TV */ = {
			isa = PBXGroup;
			children = (
				6A05B34B242F73370096DBCD /* AppDelegate.swift */,
				6A05B34D242F73370096DBCD /* FirstViewController.swift */,
				6A05B34F242F73370096DBCD /* SecondViewController.swift */,
				6A05B351242F73370096DBCD /* Main.storyboard */,
				6A05B354242F733A0096DBCD /* Assets.xcassets */,
				6A05B356242F733A0096DBCD /* LaunchScreen.storyboard */,
				6A05B359242F733A0096DBCD /* Info.plist */,
			);
			path = Hymnal.TV;
			sourceTree = "<group>";
		};
		6A05B361242F733A0096DBCD /* Hymnal.TVTests */ = {
			isa = PBXGroup;
			children = (
				6A05B362242F733A0096DBCD /* Hymnal_TVTests.swift */,
				6A05B364242F733A0096DBCD /* Info.plist */,
			);
			path = Hymnal.TVTests;
			sourceTree = "<group>";
		};
		6A05B36C242F733A0096DBCD /* Hymnal.TVUITests */ = {
			isa = PBXGroup;
			children = (
				6A05B36D242F733A0096DBCD /* Hymnal_TVUITests.swift */,
				6A05B36F242F733A0096DBCD /* Info.plist */,
			);
			path = Hymnal.TVUITests;
			sourceTree = "<group>";
		};
		6A05B37E242F73DF0096DBCD /* Hymnal.OSX */ = {
			isa = PBXGroup;
			children = (
				6A05B37F242F73DF0096DBCD /* AppDelegate.swift */,
				6A05B381242F73DF0096DBCD /* ViewController.swift */,
				6A05B383242F73E10096DBCD /* Assets.xcassets */,
				6A05B385242F73E10096DBCD /* Main.storyboard */,
				6A05B388242F73E10096DBCD /* Info.plist */,
				6A05B389242F73E10096DBCD /* Hymnal_OSX.entitlements */,
			);
			path = Hymnal.OSX;
			sourceTree = "<group>";
		};
		6A05B391242F73E10096DBCD /* Hymnal.OSXTests */ = {
			isa = PBXGroup;
			children = (
				6A05B392242F73E10096DBCD /* Hymnal_OSXTests.swift */,
				6A05B394242F73E10096DBCD /* Info.plist */,
			);
			path = Hymnal.OSXTests;
			sourceTree = "<group>";
		};
		6A05B39C242F73E10096DBCD /* Hymnal.OSXUITests */ = {
			isa = PBXGroup;
			children = (
				6A05B39D242F73E10096DBCD /* Hymnal_OSXUITests.swift */,
				6A05B39F242F73E10096DBCD /* Info.plist */,
			);
			path = Hymnal.OSXUITests;
			sourceTree = "<group>";
		};
		6A05B3AE242F74490096DBCD /* Hymnal.iOS */ = {
			isa = PBXGroup;
			children = (
				6A05B3E2242F75470096DBCD /* Controller */,
				6A05B3E0242F753B0096DBCD /* View */,
				6A05B3DF242F75210096DBCD /* Model */,
				6A05B3B1242F74490096DBCD /* SceneDelegate.swift */,
				6A05B3AF242F74490096DBCD /* AppDelegate.swift */,
				6A05B3BA242F744A0096DBCD /* Assets.xcassets */,
				6A05B3BF242F744A0096DBCD /* Info.plist */,
			);
			path = Hymnal.iOS;
			sourceTree = "<group>";
		};
		6A05B3C7242F744A0096DBCD /* Hymnal.iOSTests */ = {
			isa = PBXGroup;
			children = (
				6A05B3C8242F744A0096DBCD /* Hymnal_iOSTests.swift */,
				6A05B3CA242F744A0096DBCD /* Info.plist */,
			);
			path = Hymnal.iOSTests;
			sourceTree = "<group>";
		};
		6A05B3D2242F744A0096DBCD /* Hymnal.iOSUITests */ = {
			isa = PBXGroup;
			children = (
				6A05B3D3242F744A0096DBCD /* Hymnal_iOSUITests.swift */,
				6A05B3D5242F744A0096DBCD /* Info.plist */,
			);
			path = Hymnal.iOSUITests;
			sourceTree = "<group>";
		};
		6A05B3DF242F75210096DBCD /* Model */ = {
			isa = PBXGroup;
			children = (
				6A05B3E3242F75A00096DBCD /* Hymn.swift */,
			);
			path = Model;
			sourceTree = "<group>";
		};
		6A05B3E0242F753B0096DBCD /* View */ = {
			isa = PBXGroup;
			children = (
				6A05B3B7242F74490096DBCD /* Main.storyboard */,
				6A05B3BC242F744A0096DBCD /* LaunchScreen.storyboard */,
			);
			path = View;
			sourceTree = "<group>";
		};
		6A05B3E2242F75470096DBCD /* Controller */ = {
			isa = PBXGroup;
			children = (
				6A3B8510242FC56300D845F2 /* Search */,
				6A3B850D242FB22800D845F2 /* Viewers */,
				6A3B8509242F8E4300D845F2 /* Extensions */,
				6A3B850C242FB21B00D845F2 /* Tab */,
			);
			path = Controller;
			sourceTree = "<group>";
		};
		6A3B84FB242F835A00D845F2 /* Hymnal.Shared */ = {
			isa = PBXGroup;
			children = (
				6A3B84FC242F837700D845F2 /* Media.xcassets */,
			);
			path = Hymnal.Shared;
			sourceTree = "<group>";
		};
		6A3B8509242F8E4300D845F2 /* Extensions */ = {
			isa = PBXGroup;
			children = (
				6A3B8501242F8C2B00D845F2 /* ViewController.swift */,
			);
			path = Extensions;
			sourceTree = "<group>";
		};
		6A3B850C242FB21B00D845F2 /* Tab */ = {
			isa = PBXGroup;
			children = (
				6A3B8503242F8DE100D845F2 /* NumberViewController.swift */,
				6A3B8505242F8E1500D845F2 /* IndexViewController.swift */,
				6A3B8507242F8E3300D845F2 /* FavoritesViewController.swift */,
				6A3B850A242F8E5700D845F2 /* SettingsViewController.swift */,
			);
			path = Tab;
			sourceTree = "<group>";
		};
		6A3B850D242FB22800D845F2 /* Viewers */ = {
			isa = PBXGroup;
			children = (
				6A3B850E242FB26700D845F2 /* HymnViewController.swift */,
			);
			path = Viewers;
			sourceTree = "<group>";
		};
		6A3B8510242FC56300D845F2 /* Search */ = {
			isa = PBXGroup;
			children = (
				6A3B8513242FCB0100D845F2 /* SearchTableViewController.swift */,
			);
			path = Search;
			sourceTree = "<group>";
		};
/* End PBXGroup section */

/* Begin PBXNativeTarget section */
		6A05B348242F73370096DBCD /* Hymnal.TV */ = {
			isa = PBXNativeTarget;
			buildConfigurationList = 6A05B370242F733A0096DBCD /* Build configuration list for PBXNativeTarget "Hymnal.TV" */;
			buildPhases = (
				6A05B345242F73370096DBCD /* Sources */,
				6A05B346242F73370096DBCD /* Frameworks */,
				6A05B347242F73370096DBCD /* Resources */,
			);
			buildRules = (
			);
			dependencies = (
			);
			name = Hymnal.TV;
			productName = Hymnal.TV;
			productReference = 6A05B349242F73370096DBCD /* Hymnal.TV.app */;
			productType = "com.apple.product-type.application";
		};
		6A05B35D242F733A0096DBCD /* Hymnal.TVTests */ = {
			isa = PBXNativeTarget;
			buildConfigurationList = 6A05B373242F733A0096DBCD /* Build configuration list for PBXNativeTarget "Hymnal.TVTests" */;
			buildPhases = (
				6A05B35A242F733A0096DBCD /* Sources */,
				6A05B35B242F733A0096DBCD /* Frameworks */,
				6A05B35C242F733A0096DBCD /* Resources */,
			);
			buildRules = (
			);
			dependencies = (
				6A05B360242F733A0096DBCD /* PBXTargetDependency */,
			);
			name = Hymnal.TVTests;
			productName = Hymnal.TVTests;
			productReference = 6A05B35E242F733A0096DBCD /* Hymnal.TVTests.xctest */;
			productType = "com.apple.product-type.bundle.unit-test";
		};
		6A05B368242F733A0096DBCD /* Hymnal.TVUITests */ = {
			isa = PBXNativeTarget;
			buildConfigurationList = 6A05B376242F733A0096DBCD /* Build configuration list for PBXNativeTarget "Hymnal.TVUITests" */;
			buildPhases = (
				6A05B365242F733A0096DBCD /* Sources */,
				6A05B366242F733A0096DBCD /* Frameworks */,
				6A05B367242F733A0096DBCD /* Resources */,
			);
			buildRules = (
			);
			dependencies = (
				6A05B36B242F733A0096DBCD /* PBXTargetDependency */,
			);
			name = Hymnal.TVUITests;
			productName = Hymnal.TVUITests;
			productReference = 6A05B369242F733A0096DBCD /* Hymnal.TVUITests.xctest */;
			productType = "com.apple.product-type.bundle.ui-testing";
		};
		6A05B37C242F73DF0096DBCD /* Hymnal.OSX */ = {
			isa = PBXNativeTarget;
			buildConfigurationList = 6A05B3A0242F73E10096DBCD /* Build configuration list for PBXNativeTarget "Hymnal.OSX" */;
			buildPhases = (
				6A05B379242F73DF0096DBCD /* Sources */,
				6A05B37A242F73DF0096DBCD /* Frameworks */,
				6A05B37B242F73DF0096DBCD /* Resources */,
			);
			buildRules = (
			);
			dependencies = (
			);
			name = Hymnal.OSX;
			productName = Hymnal.OSX;
			productReference = 6A05B37D242F73DF0096DBCD /* Hymnal.OSX.app */;
			productType = "com.apple.product-type.application";
		};
		6A05B38D242F73E10096DBCD /* Hymnal.OSXTests */ = {
			isa = PBXNativeTarget;
			buildConfigurationList = 6A05B3A3242F73E10096DBCD /* Build configuration list for PBXNativeTarget "Hymnal.OSXTests" */;
			buildPhases = (
				6A05B38A242F73E10096DBCD /* Sources */,
				6A05B38B242F73E10096DBCD /* Frameworks */,
				6A05B38C242F73E10096DBCD /* Resources */,
			);
			buildRules = (
			);
			dependencies = (
				6A05B390242F73E10096DBCD /* PBXTargetDependency */,
			);
			name = Hymnal.OSXTests;
			productName = Hymnal.OSXTests;
			productReference = 6A05B38E242F73E10096DBCD /* Hymnal.OSXTests.xctest */;
			productType = "com.apple.product-type.bundle.unit-test";
		};
		6A05B398242F73E10096DBCD /* Hymnal.OSXUITests */ = {
			isa = PBXNativeTarget;
			buildConfigurationList = 6A05B3A6242F73E10096DBCD /* Build configuration list for PBXNativeTarget "Hymnal.OSXUITests" */;
			buildPhases = (
				6A05B395242F73E10096DBCD /* Sources */,
				6A05B396242F73E10096DBCD /* Frameworks */,
				6A05B397242F73E10096DBCD /* Resources */,
			);
			buildRules = (
			);
			dependencies = (
				6A05B39B242F73E10096DBCD /* PBXTargetDependency */,
			);
			name = Hymnal.OSXUITests;
			productName = Hymnal.OSXUITests;
			productReference = 6A05B399242F73E10096DBCD /* Hymnal.OSXUITests.xctest */;
			productType = "com.apple.product-type.bundle.ui-testing";
		};
		6A05B3AC242F74490096DBCD /* Hymnal.iOS */ = {
			isa = PBXNativeTarget;
			buildConfigurationList = 6A05B3D6242F744A0096DBCD /* Build configuration list for PBXNativeTarget "Hymnal.iOS" */;
			buildPhases = (
				6A05B3A9242F74490096DBCD /* Sources */,
				6A05B3AA242F74490096DBCD /* Frameworks */,
				6A05B3AB242F74490096DBCD /* Resources */,
			);
			buildRules = (
			);
			dependencies = (
			);
			name = Hymnal.iOS;
			productName = Hymnal.iOS;
			productReference = 6A05B3AD242F74490096DBCD /* Hymnal.app */;
			productType = "com.apple.product-type.application";
		};
		6A05B3C3242F744A0096DBCD /* Hymnal.iOSTests */ = {
			isa = PBXNativeTarget;
			buildConfigurationList = 6A05B3D9242F744A0096DBCD /* Build configuration list for PBXNativeTarget "Hymnal.iOSTests" */;
			buildPhases = (
				6A05B3C0242F744A0096DBCD /* Sources */,
				6A05B3C1242F744A0096DBCD /* Frameworks */,
				6A05B3C2242F744A0096DBCD /* Resources */,
			);
			buildRules = (
			);
			dependencies = (
				6A05B3C6242F744A0096DBCD /* PBXTargetDependency */,
			);
			name = Hymnal.iOSTests;
			productName = Hymnal.iOSTests;
			productReference = 6A05B3C4242F744A0096DBCD /* Hymnal.iOSTests.xctest */;
			productType = "com.apple.product-type.bundle.unit-test";
		};
		6A05B3CE242F744A0096DBCD /* Hymnal.iOSUITests */ = {
			isa = PBXNativeTarget;
			buildConfigurationList = 6A05B3DC242F744A0096DBCD /* Build configuration list for PBXNativeTarget "Hymnal.iOSUITests" */;
			buildPhases = (
				6A05B3CB242F744A0096DBCD /* Sources */,
				6A05B3CC242F744A0096DBCD /* Frameworks */,
				6A05B3CD242F744A0096DBCD /* Resources */,
			);
			buildRules = (
			);
			dependencies = (
				6A05B3D1242F744A0096DBCD /* PBXTargetDependency */,
			);
			name = Hymnal.iOSUITests;
			productName = Hymnal.iOSUITests;
			productReference = 6A05B3CF242F744A0096DBCD /* Hymnal.iOSUITests.xctest */;
			productType = "com.apple.product-type.bundle.ui-testing";
		};
/* End PBXNativeTarget section */

/* Begin PBXProject section */
		6A05B2D3242F70D50096DBCD /* Project object */ = {
			isa = PBXProject;
			attributes = {
				LastSwiftUpdateCheck = 1140;
				LastUpgradeCheck = 1140;
				TargetAttributes = {
					6A05B348242F73370096DBCD = {
						CreatedOnToolsVersion = 11.4;
					};
					6A05B35D242F733A0096DBCD = {
						CreatedOnToolsVersion = 11.4;
						TestTargetID = 6A05B348242F73370096DBCD;
					};
					6A05B368242F733A0096DBCD = {
						CreatedOnToolsVersion = 11.4;
						TestTargetID = 6A05B348242F73370096DBCD;
					};
					6A05B37C242F73DF0096DBCD = {
						CreatedOnToolsVersion = 11.4;
					};
					6A05B38D242F73E10096DBCD = {
						CreatedOnToolsVersion = 11.4;
						TestTargetID = 6A05B37C242F73DF0096DBCD;
					};
					6A05B398242F73E10096DBCD = {
						CreatedOnToolsVersion = 11.4;
						TestTargetID = 6A05B37C242F73DF0096DBCD;
					};
					6A05B3AC242F74490096DBCD = {
						CreatedOnToolsVersion = 11.4;
					};
					6A05B3C3242F744A0096DBCD = {
						CreatedOnToolsVersion = 11.4;
						TestTargetID = 6A05B3AC242F74490096DBCD;
					};
					6A05B3CE242F744A0096DBCD = {
						CreatedOnToolsVersion = 11.4;
						TestTargetID = 6A05B3AC242F74490096DBCD;
					};
				};
			};
			buildConfigurationList = 6A05B2D6242F70D50096DBCD /* Build configuration list for PBXProject "Hymnal" */;
			compatibilityVersion = "Xcode 9.3";
			developmentRegion = en;
			hasScannedForEncodings = 0;
			knownRegions = (
				en,
				Base,
			);
			mainGroup = 6A05B2D2242F70D50096DBCD;
			productRefGroup = 6A05B313242F72B60096DBCD /* Products */;
			projectDirPath = "";
			projectRoot = "";
			targets = (
				6A05B3AC242F74490096DBCD /* Hymnal.iOS */,
				6A05B3C3242F744A0096DBCD /* Hymnal.iOSTests */,
				6A05B3CE242F744A0096DBCD /* Hymnal.iOSUITests */,
				6A05B348242F73370096DBCD /* Hymnal.TV */,
				6A05B35D242F733A0096DBCD /* Hymnal.TVTests */,
				6A05B368242F733A0096DBCD /* Hymnal.TVUITests */,
				6A05B37C242F73DF0096DBCD /* Hymnal.OSX */,
				6A05B38D242F73E10096DBCD /* Hymnal.OSXTests */,
				6A05B398242F73E10096DBCD /* Hymnal.OSXUITests */,
			);
		};
/* End PBXProject section */

/* Begin PBXResourcesBuildPhase section */
		6A05B347242F73370096DBCD /* Resources */ = {
			isa = PBXResourcesBuildPhase;
			buildActionMask = 2147483647;
			files = (
				6A05B358242F733A0096DBCD /* LaunchScreen.storyboard in Resources */,
				6A05B355242F733A0096DBCD /* Assets.xcassets in Resources */,
				6A3B84FE242F837700D845F2 /* Media.xcassets in Resources */,
				6A05B353242F73370096DBCD /* Main.storyboard in Resources */,
			);
			runOnlyForDeploymentPostprocessing = 0;
		};
		6A05B35C242F733A0096DBCD /* Resources */ = {
			isa = PBXResourcesBuildPhase;
			buildActionMask = 2147483647;
			files = (
			);
			runOnlyForDeploymentPostprocessing = 0;
		};
		6A05B367242F733A0096DBCD /* Resources */ = {
			isa = PBXResourcesBuildPhase;
			buildActionMask = 2147483647;
			files = (
			);
			runOnlyForDeploymentPostprocessing = 0;
		};
		6A05B37B242F73DF0096DBCD /* Resources */ = {
			isa = PBXResourcesBuildPhase;
			buildActionMask = 2147483647;
			files = (
				6A05B384242F73E10096DBCD /* Assets.xcassets in Resources */,
				6A3B84FF242F837700D845F2 /* Media.xcassets in Resources */,
				6A05B387242F73E10096DBCD /* Main.storyboard in Resources */,
			);
			runOnlyForDeploymentPostprocessing = 0;
		};
		6A05B38C242F73E10096DBCD /* Resources */ = {
			isa = PBXResourcesBuildPhase;
			buildActionMask = 2147483647;
			files = (
			);
			runOnlyForDeploymentPostprocessing = 0;
		};
		6A05B397242F73E10096DBCD /* Resources */ = {
			isa = PBXResourcesBuildPhase;
			buildActionMask = 2147483647;
			files = (
			);
			runOnlyForDeploymentPostprocessing = 0;
		};
		6A05B3AB242F74490096DBCD /* Resources */ = {
			isa = PBXResourcesBuildPhase;
			buildActionMask = 2147483647;
			files = (
				6A05B3BE242F744A0096DBCD /* LaunchScreen.storyboard in Resources */,
				6A05B3BB242F744A0096DBCD /* Assets.xcassets in Resources */,
				6A3B84FD242F837700D845F2 /* Media.xcassets in Resources */,
				6A05B3B9242F74490096DBCD /* Main.storyboard in Resources */,
			);
			runOnlyForDeploymentPostprocessing = 0;
		};
		6A05B3C2242F744A0096DBCD /* Resources */ = {
			isa = PBXResourcesBuildPhase;
			buildActionMask = 2147483647;
			files = (
			);
			runOnlyForDeploymentPostprocessing = 0;
		};
		6A05B3CD242F744A0096DBCD /* Resources */ = {
			isa = PBXResourcesBuildPhase;
			buildActionMask = 2147483647;
			files = (
			);
			runOnlyForDeploymentPostprocessing = 0;
		};
/* End PBXResourcesBuildPhase section */

/* Begin PBXSourcesBuildPhase section */
		6A05B345242F73370096DBCD /* Sources */ = {
			isa = PBXSourcesBuildPhase;
			buildActionMask = 2147483647;
			files = (
				6A05B350242F73370096DBCD /* SecondViewController.swift in Sources */,
				6A05B34C242F73370096DBCD /* AppDelegate.swift in Sources */,
				6A05B34E242F73370096DBCD /* FirstViewController.swift in Sources */,
			);
			runOnlyForDeploymentPostprocessing = 0;
		};
		6A05B35A242F733A0096DBCD /* Sources */ = {
			isa = PBXSourcesBuildPhase;
			buildActionMask = 2147483647;
			files = (
				6A05B363242F733A0096DBCD /* Hymnal_TVTests.swift in Sources */,
			);
			runOnlyForDeploymentPostprocessing = 0;
		};
		6A05B365242F733A0096DBCD /* Sources */ = {
			isa = PBXSourcesBuildPhase;
			buildActionMask = 2147483647;
			files = (
				6A05B36E242F733A0096DBCD /* Hymnal_TVUITests.swift in Sources */,
			);
			runOnlyForDeploymentPostprocessing = 0;
		};
		6A05B379242F73DF0096DBCD /* Sources */ = {
			isa = PBXSourcesBuildPhase;
			buildActionMask = 2147483647;
			files = (
				6A05B382242F73DF0096DBCD /* ViewController.swift in Sources */,
				6A05B380242F73DF0096DBCD /* AppDelegate.swift in Sources */,
			);
			runOnlyForDeploymentPostprocessing = 0;
		};
		6A05B38A242F73E10096DBCD /* Sources */ = {
			isa = PBXSourcesBuildPhase;
			buildActionMask = 2147483647;
			files = (
				6A05B393242F73E10096DBCD /* Hymnal_OSXTests.swift in Sources */,
			);
			runOnlyForDeploymentPostprocessing = 0;
		};
		6A05B395242F73E10096DBCD /* Sources */ = {
			isa = PBXSourcesBuildPhase;
			buildActionMask = 2147483647;
			files = (
				6A05B39E242F73E10096DBCD /* Hymnal_OSXUITests.swift in Sources */,
			);
			runOnlyForDeploymentPostprocessing = 0;
		};
		6A05B3A9242F74490096DBCD /* Sources */ = {
			isa = PBXSourcesBuildPhase;
			buildActionMask = 2147483647;
			files = (
				6A05B3B0242F74490096DBCD /* AppDelegate.swift in Sources */,
				6A05B3E4242F75A00096DBCD /* Hymn.swift in Sources */,
				6A3B8508242F8E3300D845F2 /* FavoritesViewController.swift in Sources */,
				6A05B3B2242F74490096DBCD /* SceneDelegate.swift in Sources */,
				6A3B8502242F8C2B00D845F2 /* ViewController.swift in Sources */,
				6A3B8504242F8DE100D845F2 /* NumberViewController.swift in Sources */,
				6A3B8506242F8E1500D845F2 /* IndexViewController.swift in Sources */,
				6A3B8514242FCB0100D845F2 /* SearchTableViewController.swift in Sources */,
				6A3B850F242FB26700D845F2 /* HymnViewController.swift in Sources */,
				6A3B850B242F8E5700D845F2 /* SettingsViewController.swift in Sources */,
			);
			runOnlyForDeploymentPostprocessing = 0;
		};
		6A05B3C0242F744A0096DBCD /* Sources */ = {
			isa = PBXSourcesBuildPhase;
			buildActionMask = 2147483647;
			files = (
				6A05B3C9242F744A0096DBCD /* Hymnal_iOSTests.swift in Sources */,
			);
			runOnlyForDeploymentPostprocessing = 0;
		};
		6A05B3CB242F744A0096DBCD /* Sources */ = {
			isa = PBXSourcesBuildPhase;
			buildActionMask = 2147483647;
			files = (
				6A05B3D4242F744A0096DBCD /* Hymnal_iOSUITests.swift in Sources */,
			);
			runOnlyForDeploymentPostprocessing = 0;
		};
/* End PBXSourcesBuildPhase section */

/* Begin PBXTargetDependency section */
		6A05B360242F733A0096DBCD /* PBXTargetDependency */ = {
			isa = PBXTargetDependency;
			target = 6A05B348242F73370096DBCD /* Hymnal.TV */;
			targetProxy = 6A05B35F242F733A0096DBCD /* PBXContainerItemProxy */;
		};
		6A05B36B242F733A0096DBCD /* PBXTargetDependency */ = {
			isa = PBXTargetDependency;
			target = 6A05B348242F73370096DBCD /* Hymnal.TV */;
			targetProxy = 6A05B36A242F733A0096DBCD /* PBXContainerItemProxy */;
		};
		6A05B390242F73E10096DBCD /* PBXTargetDependency */ = {
			isa = PBXTargetDependency;
			target = 6A05B37C242F73DF0096DBCD /* Hymnal.OSX */;
			targetProxy = 6A05B38F242F73E10096DBCD /* PBXContainerItemProxy */;
		};
		6A05B39B242F73E10096DBCD /* PBXTargetDependency */ = {
			isa = PBXTargetDependency;
			target = 6A05B37C242F73DF0096DBCD /* Hymnal.OSX */;
			targetProxy = 6A05B39A242F73E10096DBCD /* PBXContainerItemProxy */;
		};
		6A05B3C6242F744A0096DBCD /* PBXTargetDependency */ = {
			isa = PBXTargetDependency;
			target = 6A05B3AC242F74490096DBCD /* Hymnal.iOS */;
			targetProxy = 6A05B3C5242F744A0096DBCD /* PBXContainerItemProxy */;
		};
		6A05B3D1242F744A0096DBCD /* PBXTargetDependency */ = {
			isa = PBXTargetDependency;
			target = 6A05B3AC242F74490096DBCD /* Hymnal.iOS */;
			targetProxy = 6A05B3D0242F744A0096DBCD /* PBXContainerItemProxy */;
		};
/* End PBXTargetDependency section */

/* Begin PBXVariantGroup section */
		6A05B351242F73370096DBCD /* Main.storyboard */ = {
			isa = PBXVariantGroup;
			children = (
				6A05B352242F73370096DBCD /* Base */,
			);
			name = Main.storyboard;
			sourceTree = "<group>";
		};
		6A05B356242F733A0096DBCD /* LaunchScreen.storyboard */ = {
			isa = PBXVariantGroup;
			children = (
				6A05B357242F733A0096DBCD /* Base */,
			);
			name = LaunchScreen.storyboard;
			sourceTree = "<group>";
		};
		6A05B385242F73E10096DBCD /* Main.storyboard */ = {
			isa = PBXVariantGroup;
			children = (
				6A05B386242F73E10096DBCD /* Base */,
			);
			name = Main.storyboard;
			sourceTree = "<group>";
		};
		6A05B3B7242F74490096DBCD /* Main.storyboard */ = {
			isa = PBXVariantGroup;
			children = (
				6A05B3B8242F74490096DBCD /* Base */,
			);
			name = Main.storyboard;
			sourceTree = "<group>";
		};
		6A05B3BC242F744A0096DBCD /* LaunchScreen.storyboard */ = {
			isa = PBXVariantGroup;
			children = (
				6A05B3BD242F744A0096DBCD /* Base */,
			);
			name = LaunchScreen.storyboard;
			sourceTree = "<group>";
		};
/* End PBXVariantGroup section */

/* Begin XCBuildConfiguration section */
		6A05B2D7242F70D50096DBCD /* Debug */ = {
			isa = XCBuildConfiguration;
			buildSettings = {
			};
			name = Debug;
		};
		6A05B2D8242F70D50096DBCD /* Release */ = {
			isa = XCBuildConfiguration;
			buildSettings = {
			};
			name = Release;
		};
		6A05B371242F733A0096DBCD /* Debug */ = {
			isa = XCBuildConfiguration;
			buildSettings = {
				ALWAYS_SEARCH_USER_PATHS = NO;
				ASSETCATALOG_COMPILER_APPICON_NAME = "App Icon & Top Shelf Image";
				CLANG_ANALYZER_NONNULL = YES;
				CLANG_ANALYZER_NUMBER_OBJECT_CONVERSION = YES_AGGRESSIVE;
				CLANG_CXX_LANGUAGE_STANDARD = "gnu++14";
				CLANG_CXX_LIBRARY = "libc++";
				CLANG_ENABLE_MODULES = YES;
				CLANG_ENABLE_OBJC_ARC = YES;
				CLANG_ENABLE_OBJC_WEAK = YES;
				CLANG_WARN_BLOCK_CAPTURE_AUTORELEASING = YES;
				CLANG_WARN_BOOL_CONVERSION = YES;
				CLANG_WARN_COMMA = YES;
				CLANG_WARN_CONSTANT_CONVERSION = YES;
				CLANG_WARN_DEPRECATED_OBJC_IMPLEMENTATIONS = YES;
				CLANG_WARN_DIRECT_OBJC_ISA_USAGE = YES_ERROR;
				CLANG_WARN_DOCUMENTATION_COMMENTS = YES;
				CLANG_WARN_EMPTY_BODY = YES;
				CLANG_WARN_ENUM_CONVERSION = YES;
				CLANG_WARN_INFINITE_RECURSION = YES;
				CLANG_WARN_INT_CONVERSION = YES;
				CLANG_WARN_NON_LITERAL_NULL_CONVERSION = YES;
				CLANG_WARN_OBJC_IMPLICIT_RETAIN_SELF = YES;
				CLANG_WARN_OBJC_LITERAL_CONVERSION = YES;
				CLANG_WARN_OBJC_ROOT_CLASS = YES_ERROR;
				CLANG_WARN_RANGE_LOOP_ANALYSIS = YES;
				CLANG_WARN_STRICT_PROTOTYPES = YES;
				CLANG_WARN_SUSPICIOUS_MOVE = YES;
				CLANG_WARN_UNGUARDED_AVAILABILITY = YES_AGGRESSIVE;
				CLANG_WARN_UNREACHABLE_CODE = YES;
				CLANG_WARN__DUPLICATE_METHOD_MATCH = YES;
				CODE_SIGN_STYLE = Automatic;
				COPY_PHASE_STRIP = NO;
				DEBUG_INFORMATION_FORMAT = dwarf;
				DEVELOPMENT_TEAM = NN5QG884Y4;
				ENABLE_STRICT_OBJC_MSGSEND = YES;
				ENABLE_TESTABILITY = YES;
				GCC_C_LANGUAGE_STANDARD = gnu11;
				GCC_DYNAMIC_NO_PIC = NO;
				GCC_NO_COMMON_BLOCKS = YES;
				GCC_OPTIMIZATION_LEVEL = 0;
				GCC_PREPROCESSOR_DEFINITIONS = (
					"DEBUG=1",
					"$(inherited)",
				);
				GCC_WARN_64_TO_32_BIT_CONVERSION = YES;
				GCC_WARN_ABOUT_RETURN_TYPE = YES_ERROR;
				GCC_WARN_UNDECLARED_SELECTOR = YES;
				GCC_WARN_UNINITIALIZED_AUTOS = YES_AGGRESSIVE;
				GCC_WARN_UNUSED_FUNCTION = YES;
				GCC_WARN_UNUSED_VARIABLE = YES;
				INFOPLIST_FILE = Hymnal.TV/Info.plist;
				LD_RUNPATH_SEARCH_PATHS = (
					"$(inherited)",
					"@executable_path/Frameworks",
				);
				MTL_ENABLE_DEBUG_INFO = INCLUDE_SOURCE;
				MTL_FAST_MATH = YES;
				ONLY_ACTIVE_ARCH = YES;
				PRODUCT_BUNDLE_IDENTIFIER = "com.isaacTesting.Hymnal-TV";
				PRODUCT_NAME = "$(TARGET_NAME)";
				SDKROOT = appletvos;
				SWIFT_ACTIVE_COMPILATION_CONDITIONS = DEBUG;
				SWIFT_OPTIMIZATION_LEVEL = "-Onone";
				SWIFT_VERSION = 5.0;
				TARGETED_DEVICE_FAMILY = 3;
				TVOS_DEPLOYMENT_TARGET = 13.4;
			};
			name = Debug;
		};
		6A05B372242F733A0096DBCD /* Release */ = {
			isa = XCBuildConfiguration;
			buildSettings = {
				ALWAYS_SEARCH_USER_PATHS = NO;
				ASSETCATALOG_COMPILER_APPICON_NAME = "App Icon & Top Shelf Image";
				CLANG_ANALYZER_NONNULL = YES;
				CLANG_ANALYZER_NUMBER_OBJECT_CONVERSION = YES_AGGRESSIVE;
				CLANG_CXX_LANGUAGE_STANDARD = "gnu++14";
				CLANG_CXX_LIBRARY = "libc++";
				CLANG_ENABLE_MODULES = YES;
				CLANG_ENABLE_OBJC_ARC = YES;
				CLANG_ENABLE_OBJC_WEAK = YES;
				CLANG_WARN_BLOCK_CAPTURE_AUTORELEASING = YES;
				CLANG_WARN_BOOL_CONVERSION = YES;
				CLANG_WARN_COMMA = YES;
				CLANG_WARN_CONSTANT_CONVERSION = YES;
				CLANG_WARN_DEPRECATED_OBJC_IMPLEMENTATIONS = YES;
				CLANG_WARN_DIRECT_OBJC_ISA_USAGE = YES_ERROR;
				CLANG_WARN_DOCUMENTATION_COMMENTS = YES;
				CLANG_WARN_EMPTY_BODY = YES;
				CLANG_WARN_ENUM_CONVERSION = YES;
				CLANG_WARN_INFINITE_RECURSION = YES;
				CLANG_WARN_INT_CONVERSION = YES;
				CLANG_WARN_NON_LITERAL_NULL_CONVERSION = YES;
				CLANG_WARN_OBJC_IMPLICIT_RETAIN_SELF = YES;
				CLANG_WARN_OBJC_LITERAL_CONVERSION = YES;
				CLANG_WARN_OBJC_ROOT_CLASS = YES_ERROR;
				CLANG_WARN_RANGE_LOOP_ANALYSIS = YES;
				CLANG_WARN_STRICT_PROTOTYPES = YES;
				CLANG_WARN_SUSPICIOUS_MOVE = YES;
				CLANG_WARN_UNGUARDED_AVAILABILITY = YES_AGGRESSIVE;
				CLANG_WARN_UNREACHABLE_CODE = YES;
				CLANG_WARN__DUPLICATE_METHOD_MATCH = YES;
				CODE_SIGN_STYLE = Automatic;
				COPY_PHASE_STRIP = NO;
				DEBUG_INFORMATION_FORMAT = "dwarf-with-dsym";
				DEVELOPMENT_TEAM = NN5QG884Y4;
				ENABLE_NS_ASSERTIONS = NO;
				ENABLE_STRICT_OBJC_MSGSEND = YES;
				GCC_C_LANGUAGE_STANDARD = gnu11;
				GCC_NO_COMMON_BLOCKS = YES;
				GCC_WARN_64_TO_32_BIT_CONVERSION = YES;
				GCC_WARN_ABOUT_RETURN_TYPE = YES_ERROR;
				GCC_WARN_UNDECLARED_SELECTOR = YES;
				GCC_WARN_UNINITIALIZED_AUTOS = YES_AGGRESSIVE;
				GCC_WARN_UNUSED_FUNCTION = YES;
				GCC_WARN_UNUSED_VARIABLE = YES;
				INFOPLIST_FILE = Hymnal.TV/Info.plist;
				LD_RUNPATH_SEARCH_PATHS = (
					"$(inherited)",
					"@executable_path/Frameworks",
				);
				MTL_ENABLE_DEBUG_INFO = NO;
				MTL_FAST_MATH = YES;
				PRODUCT_BUNDLE_IDENTIFIER = "com.isaacTesting.Hymnal-TV";
				PRODUCT_NAME = "$(TARGET_NAME)";
				SDKROOT = appletvos;
				SWIFT_COMPILATION_MODE = wholemodule;
				SWIFT_OPTIMIZATION_LEVEL = "-O";
				SWIFT_VERSION = 5.0;
				TARGETED_DEVICE_FAMILY = 3;
				TVOS_DEPLOYMENT_TARGET = 13.4;
				VALIDATE_PRODUCT = YES;
			};
			name = Release;
		};
		6A05B374242F733A0096DBCD /* Debug */ = {
			isa = XCBuildConfiguration;
			buildSettings = {
				ALWAYS_EMBED_SWIFT_STANDARD_LIBRARIES = YES;
				ALWAYS_SEARCH_USER_PATHS = NO;
				BUNDLE_LOADER = "$(TEST_HOST)";
				CLANG_ANALYZER_NONNULL = YES;
				CLANG_ANALYZER_NUMBER_OBJECT_CONVERSION = YES_AGGRESSIVE;
				CLANG_CXX_LANGUAGE_STANDARD = "gnu++14";
				CLANG_CXX_LIBRARY = "libc++";
				CLANG_ENABLE_MODULES = YES;
				CLANG_ENABLE_OBJC_ARC = YES;
				CLANG_ENABLE_OBJC_WEAK = YES;
				CLANG_WARN_BLOCK_CAPTURE_AUTORELEASING = YES;
				CLANG_WARN_BOOL_CONVERSION = YES;
				CLANG_WARN_COMMA = YES;
				CLANG_WARN_CONSTANT_CONVERSION = YES;
				CLANG_WARN_DEPRECATED_OBJC_IMPLEMENTATIONS = YES;
				CLANG_WARN_DIRECT_OBJC_ISA_USAGE = YES_ERROR;
				CLANG_WARN_DOCUMENTATION_COMMENTS = YES;
				CLANG_WARN_EMPTY_BODY = YES;
				CLANG_WARN_ENUM_CONVERSION = YES;
				CLANG_WARN_INFINITE_RECURSION = YES;
				CLANG_WARN_INT_CONVERSION = YES;
				CLANG_WARN_NON_LITERAL_NULL_CONVERSION = YES;
				CLANG_WARN_OBJC_IMPLICIT_RETAIN_SELF = YES;
				CLANG_WARN_OBJC_LITERAL_CONVERSION = YES;
				CLANG_WARN_OBJC_ROOT_CLASS = YES_ERROR;
				CLANG_WARN_RANGE_LOOP_ANALYSIS = YES;
				CLANG_WARN_STRICT_PROTOTYPES = YES;
				CLANG_WARN_SUSPICIOUS_MOVE = YES;
				CLANG_WARN_UNGUARDED_AVAILABILITY = YES_AGGRESSIVE;
				CLANG_WARN_UNREACHABLE_CODE = YES;
				CLANG_WARN__DUPLICATE_METHOD_MATCH = YES;
				CODE_SIGN_STYLE = Automatic;
				COPY_PHASE_STRIP = NO;
				DEBUG_INFORMATION_FORMAT = dwarf;
				DEVELOPMENT_TEAM = NN5QG884Y4;
				ENABLE_STRICT_OBJC_MSGSEND = YES;
				ENABLE_TESTABILITY = YES;
				GCC_C_LANGUAGE_STANDARD = gnu11;
				GCC_DYNAMIC_NO_PIC = NO;
				GCC_NO_COMMON_BLOCKS = YES;
				GCC_OPTIMIZATION_LEVEL = 0;
				GCC_PREPROCESSOR_DEFINITIONS = (
					"DEBUG=1",
					"$(inherited)",
				);
				GCC_WARN_64_TO_32_BIT_CONVERSION = YES;
				GCC_WARN_ABOUT_RETURN_TYPE = YES_ERROR;
				GCC_WARN_UNDECLARED_SELECTOR = YES;
				GCC_WARN_UNINITIALIZED_AUTOS = YES_AGGRESSIVE;
				GCC_WARN_UNUSED_FUNCTION = YES;
				GCC_WARN_UNUSED_VARIABLE = YES;
				INFOPLIST_FILE = Hymnal.TVTests/Info.plist;
				LD_RUNPATH_SEARCH_PATHS = (
					"$(inherited)",
					"@executable_path/Frameworks",
					"@loader_path/Frameworks",
				);
				MTL_ENABLE_DEBUG_INFO = INCLUDE_SOURCE;
				MTL_FAST_MATH = YES;
				ONLY_ACTIVE_ARCH = YES;
				PRODUCT_BUNDLE_IDENTIFIER = "com.isaacTesting.Hymnal-TVTests";
				PRODUCT_NAME = "$(TARGET_NAME)";
				SDKROOT = appletvos;
				SWIFT_ACTIVE_COMPILATION_CONDITIONS = DEBUG;
				SWIFT_OPTIMIZATION_LEVEL = "-Onone";
				SWIFT_VERSION = 5.0;
				TARGETED_DEVICE_FAMILY = 3;
				TEST_HOST = "$(BUILT_PRODUCTS_DIR)/Hymnal.TV.app/Hymnal.TV";
				TVOS_DEPLOYMENT_TARGET = 13.4;
			};
			name = Debug;
		};
		6A05B375242F733A0096DBCD /* Release */ = {
			isa = XCBuildConfiguration;
			buildSettings = {
				ALWAYS_EMBED_SWIFT_STANDARD_LIBRARIES = YES;
				ALWAYS_SEARCH_USER_PATHS = NO;
				BUNDLE_LOADER = "$(TEST_HOST)";
				CLANG_ANALYZER_NONNULL = YES;
				CLANG_ANALYZER_NUMBER_OBJECT_CONVERSION = YES_AGGRESSIVE;
				CLANG_CXX_LANGUAGE_STANDARD = "gnu++14";
				CLANG_CXX_LIBRARY = "libc++";
				CLANG_ENABLE_MODULES = YES;
				CLANG_ENABLE_OBJC_ARC = YES;
				CLANG_ENABLE_OBJC_WEAK = YES;
				CLANG_WARN_BLOCK_CAPTURE_AUTORELEASING = YES;
				CLANG_WARN_BOOL_CONVERSION = YES;
				CLANG_WARN_COMMA = YES;
				CLANG_WARN_CONSTANT_CONVERSION = YES;
				CLANG_WARN_DEPRECATED_OBJC_IMPLEMENTATIONS = YES;
				CLANG_WARN_DIRECT_OBJC_ISA_USAGE = YES_ERROR;
				CLANG_WARN_DOCUMENTATION_COMMENTS = YES;
				CLANG_WARN_EMPTY_BODY = YES;
				CLANG_WARN_ENUM_CONVERSION = YES;
				CLANG_WARN_INFINITE_RECURSION = YES;
				CLANG_WARN_INT_CONVERSION = YES;
				CLANG_WARN_NON_LITERAL_NULL_CONVERSION = YES;
				CLANG_WARN_OBJC_IMPLICIT_RETAIN_SELF = YES;
				CLANG_WARN_OBJC_LITERAL_CONVERSION = YES;
				CLANG_WARN_OBJC_ROOT_CLASS = YES_ERROR;
				CLANG_WARN_RANGE_LOOP_ANALYSIS = YES;
				CLANG_WARN_STRICT_PROTOTYPES = YES;
				CLANG_WARN_SUSPICIOUS_MOVE = YES;
				CLANG_WARN_UNGUARDED_AVAILABILITY = YES_AGGRESSIVE;
				CLANG_WARN_UNREACHABLE_CODE = YES;
				CLANG_WARN__DUPLICATE_METHOD_MATCH = YES;
				CODE_SIGN_STYLE = Automatic;
				COPY_PHASE_STRIP = NO;
				DEBUG_INFORMATION_FORMAT = "dwarf-with-dsym";
				DEVELOPMENT_TEAM = NN5QG884Y4;
				ENABLE_NS_ASSERTIONS = NO;
				ENABLE_STRICT_OBJC_MSGSEND = YES;
				GCC_C_LANGUAGE_STANDARD = gnu11;
				GCC_NO_COMMON_BLOCKS = YES;
				GCC_WARN_64_TO_32_BIT_CONVERSION = YES;
				GCC_WARN_ABOUT_RETURN_TYPE = YES_ERROR;
				GCC_WARN_UNDECLARED_SELECTOR = YES;
				GCC_WARN_UNINITIALIZED_AUTOS = YES_AGGRESSIVE;
				GCC_WARN_UNUSED_FUNCTION = YES;
				GCC_WARN_UNUSED_VARIABLE = YES;
				INFOPLIST_FILE = Hymnal.TVTests/Info.plist;
				LD_RUNPATH_SEARCH_PATHS = (
					"$(inherited)",
					"@executable_path/Frameworks",
					"@loader_path/Frameworks",
				);
				MTL_ENABLE_DEBUG_INFO = NO;
				MTL_FAST_MATH = YES;
				PRODUCT_BUNDLE_IDENTIFIER = "com.isaacTesting.Hymnal-TVTests";
				PRODUCT_NAME = "$(TARGET_NAME)";
				SDKROOT = appletvos;
				SWIFT_COMPILATION_MODE = wholemodule;
				SWIFT_OPTIMIZATION_LEVEL = "-O";
				SWIFT_VERSION = 5.0;
				TARGETED_DEVICE_FAMILY = 3;
				TEST_HOST = "$(BUILT_PRODUCTS_DIR)/Hymnal.TV.app/Hymnal.TV";
				TVOS_DEPLOYMENT_TARGET = 13.4;
				VALIDATE_PRODUCT = YES;
			};
			name = Release;
		};
		6A05B377242F733A0096DBCD /* Debug */ = {
			isa = XCBuildConfiguration;
			buildSettings = {
				ALWAYS_EMBED_SWIFT_STANDARD_LIBRARIES = YES;
				ALWAYS_SEARCH_USER_PATHS = NO;
				CLANG_ANALYZER_NONNULL = YES;
				CLANG_ANALYZER_NUMBER_OBJECT_CONVERSION = YES_AGGRESSIVE;
				CLANG_CXX_LANGUAGE_STANDARD = "gnu++14";
				CLANG_CXX_LIBRARY = "libc++";
				CLANG_ENABLE_MODULES = YES;
				CLANG_ENABLE_OBJC_ARC = YES;
				CLANG_ENABLE_OBJC_WEAK = YES;
				CLANG_WARN_BLOCK_CAPTURE_AUTORELEASING = YES;
				CLANG_WARN_BOOL_CONVERSION = YES;
				CLANG_WARN_COMMA = YES;
				CLANG_WARN_CONSTANT_CONVERSION = YES;
				CLANG_WARN_DEPRECATED_OBJC_IMPLEMENTATIONS = YES;
				CLANG_WARN_DIRECT_OBJC_ISA_USAGE = YES_ERROR;
				CLANG_WARN_DOCUMENTATION_COMMENTS = YES;
				CLANG_WARN_EMPTY_BODY = YES;
				CLANG_WARN_ENUM_CONVERSION = YES;
				CLANG_WARN_INFINITE_RECURSION = YES;
				CLANG_WARN_INT_CONVERSION = YES;
				CLANG_WARN_NON_LITERAL_NULL_CONVERSION = YES;
				CLANG_WARN_OBJC_IMPLICIT_RETAIN_SELF = YES;
				CLANG_WARN_OBJC_LITERAL_CONVERSION = YES;
				CLANG_WARN_OBJC_ROOT_CLASS = YES_ERROR;
				CLANG_WARN_RANGE_LOOP_ANALYSIS = YES;
				CLANG_WARN_STRICT_PROTOTYPES = YES;
				CLANG_WARN_SUSPICIOUS_MOVE = YES;
				CLANG_WARN_UNGUARDED_AVAILABILITY = YES_AGGRESSIVE;
				CLANG_WARN_UNREACHABLE_CODE = YES;
				CLANG_WARN__DUPLICATE_METHOD_MATCH = YES;
				CODE_SIGN_STYLE = Automatic;
				COPY_PHASE_STRIP = NO;
				DEBUG_INFORMATION_FORMAT = dwarf;
				DEVELOPMENT_TEAM = NN5QG884Y4;
				ENABLE_STRICT_OBJC_MSGSEND = YES;
				ENABLE_TESTABILITY = YES;
				GCC_C_LANGUAGE_STANDARD = gnu11;
				GCC_DYNAMIC_NO_PIC = NO;
				GCC_NO_COMMON_BLOCKS = YES;
				GCC_OPTIMIZATION_LEVEL = 0;
				GCC_PREPROCESSOR_DEFINITIONS = (
					"DEBUG=1",
					"$(inherited)",
				);
				GCC_WARN_64_TO_32_BIT_CONVERSION = YES;
				GCC_WARN_ABOUT_RETURN_TYPE = YES_ERROR;
				GCC_WARN_UNDECLARED_SELECTOR = YES;
				GCC_WARN_UNINITIALIZED_AUTOS = YES_AGGRESSIVE;
				GCC_WARN_UNUSED_FUNCTION = YES;
				GCC_WARN_UNUSED_VARIABLE = YES;
				INFOPLIST_FILE = Hymnal.TVUITests/Info.plist;
				LD_RUNPATH_SEARCH_PATHS = (
					"$(inherited)",
					"@executable_path/Frameworks",
					"@loader_path/Frameworks",
				);
				MTL_ENABLE_DEBUG_INFO = INCLUDE_SOURCE;
				MTL_FAST_MATH = YES;
				ONLY_ACTIVE_ARCH = YES;
				PRODUCT_BUNDLE_IDENTIFIER = "com.isaacTesting.Hymnal-TVUITests";
				PRODUCT_NAME = "$(TARGET_NAME)";
				SDKROOT = appletvos;
				SWIFT_ACTIVE_COMPILATION_CONDITIONS = DEBUG;
				SWIFT_OPTIMIZATION_LEVEL = "-Onone";
				SWIFT_VERSION = 5.0;
				TARGETED_DEVICE_FAMILY = 3;
				TEST_TARGET_NAME = Hymnal.TV;
				TVOS_DEPLOYMENT_TARGET = 13.4;
			};
			name = Debug;
		};
		6A05B378242F733A0096DBCD /* Release */ = {
			isa = XCBuildConfiguration;
			buildSettings = {
				ALWAYS_EMBED_SWIFT_STANDARD_LIBRARIES = YES;
				ALWAYS_SEARCH_USER_PATHS = NO;
				CLANG_ANALYZER_NONNULL = YES;
				CLANG_ANALYZER_NUMBER_OBJECT_CONVERSION = YES_AGGRESSIVE;
				CLANG_CXX_LANGUAGE_STANDARD = "gnu++14";
				CLANG_CXX_LIBRARY = "libc++";
				CLANG_ENABLE_MODULES = YES;
				CLANG_ENABLE_OBJC_ARC = YES;
				CLANG_ENABLE_OBJC_WEAK = YES;
				CLANG_WARN_BLOCK_CAPTURE_AUTORELEASING = YES;
				CLANG_WARN_BOOL_CONVERSION = YES;
				CLANG_WARN_COMMA = YES;
				CLANG_WARN_CONSTANT_CONVERSION = YES;
				CLANG_WARN_DEPRECATED_OBJC_IMPLEMENTATIONS = YES;
				CLANG_WARN_DIRECT_OBJC_ISA_USAGE = YES_ERROR;
				CLANG_WARN_DOCUMENTATION_COMMENTS = YES;
				CLANG_WARN_EMPTY_BODY = YES;
				CLANG_WARN_ENUM_CONVERSION = YES;
				CLANG_WARN_INFINITE_RECURSION = YES;
				CLANG_WARN_INT_CONVERSION = YES;
				CLANG_WARN_NON_LITERAL_NULL_CONVERSION = YES;
				CLANG_WARN_OBJC_IMPLICIT_RETAIN_SELF = YES;
				CLANG_WARN_OBJC_LITERAL_CONVERSION = YES;
				CLANG_WARN_OBJC_ROOT_CLASS = YES_ERROR;
				CLANG_WARN_RANGE_LOOP_ANALYSIS = YES;
				CLANG_WARN_STRICT_PROTOTYPES = YES;
				CLANG_WARN_SUSPICIOUS_MOVE = YES;
				CLANG_WARN_UNGUARDED_AVAILABILITY = YES_AGGRESSIVE;
				CLANG_WARN_UNREACHABLE_CODE = YES;
				CLANG_WARN__DUPLICATE_METHOD_MATCH = YES;
				CODE_SIGN_STYLE = Automatic;
				COPY_PHASE_STRIP = NO;
				DEBUG_INFORMATION_FORMAT = "dwarf-with-dsym";
				DEVELOPMENT_TEAM = NN5QG884Y4;
				ENABLE_NS_ASSERTIONS = NO;
				ENABLE_STRICT_OBJC_MSGSEND = YES;
				GCC_C_LANGUAGE_STANDARD = gnu11;
				GCC_NO_COMMON_BLOCKS = YES;
				GCC_WARN_64_TO_32_BIT_CONVERSION = YES;
				GCC_WARN_ABOUT_RETURN_TYPE = YES_ERROR;
				GCC_WARN_UNDECLARED_SELECTOR = YES;
				GCC_WARN_UNINITIALIZED_AUTOS = YES_AGGRESSIVE;
				GCC_WARN_UNUSED_FUNCTION = YES;
				GCC_WARN_UNUSED_VARIABLE = YES;
				INFOPLIST_FILE = Hymnal.TVUITests/Info.plist;
				LD_RUNPATH_SEARCH_PATHS = (
					"$(inherited)",
					"@executable_path/Frameworks",
					"@loader_path/Frameworks",
				);
				MTL_ENABLE_DEBUG_INFO = NO;
				MTL_FAST_MATH = YES;
				PRODUCT_BUNDLE_IDENTIFIER = "com.isaacTesting.Hymnal-TVUITests";
				PRODUCT_NAME = "$(TARGET_NAME)";
				SDKROOT = appletvos;
				SWIFT_COMPILATION_MODE = wholemodule;
				SWIFT_OPTIMIZATION_LEVEL = "-O";
				SWIFT_VERSION = 5.0;
				TARGETED_DEVICE_FAMILY = 3;
				TEST_TARGET_NAME = Hymnal.TV;
				TVOS_DEPLOYMENT_TARGET = 13.4;
				VALIDATE_PRODUCT = YES;
			};
			name = Release;
		};
		6A05B3A1242F73E10096DBCD /* Debug */ = {
			isa = XCBuildConfiguration;
			buildSettings = {
				ALWAYS_SEARCH_USER_PATHS = NO;
				ASSETCATALOG_COMPILER_APPICON_NAME = AppIcon;
				CLANG_ANALYZER_NONNULL = YES;
				CLANG_ANALYZER_NUMBER_OBJECT_CONVERSION = YES_AGGRESSIVE;
				CLANG_CXX_LANGUAGE_STANDARD = "gnu++14";
				CLANG_CXX_LIBRARY = "libc++";
				CLANG_ENABLE_MODULES = YES;
				CLANG_ENABLE_OBJC_ARC = YES;
				CLANG_ENABLE_OBJC_WEAK = YES;
				CLANG_WARN_BLOCK_CAPTURE_AUTORELEASING = YES;
				CLANG_WARN_BOOL_CONVERSION = YES;
				CLANG_WARN_COMMA = YES;
				CLANG_WARN_CONSTANT_CONVERSION = YES;
				CLANG_WARN_DEPRECATED_OBJC_IMPLEMENTATIONS = YES;
				CLANG_WARN_DIRECT_OBJC_ISA_USAGE = YES_ERROR;
				CLANG_WARN_DOCUMENTATION_COMMENTS = YES;
				CLANG_WARN_EMPTY_BODY = YES;
				CLANG_WARN_ENUM_CONVERSION = YES;
				CLANG_WARN_INFINITE_RECURSION = YES;
				CLANG_WARN_INT_CONVERSION = YES;
				CLANG_WARN_NON_LITERAL_NULL_CONVERSION = YES;
				CLANG_WARN_OBJC_IMPLICIT_RETAIN_SELF = YES;
				CLANG_WARN_OBJC_LITERAL_CONVERSION = YES;
				CLANG_WARN_OBJC_ROOT_CLASS = YES_ERROR;
				CLANG_WARN_RANGE_LOOP_ANALYSIS = YES;
				CLANG_WARN_STRICT_PROTOTYPES = YES;
				CLANG_WARN_SUSPICIOUS_MOVE = YES;
				CLANG_WARN_UNGUARDED_AVAILABILITY = YES_AGGRESSIVE;
				CLANG_WARN_UNREACHABLE_CODE = YES;
				CLANG_WARN__DUPLICATE_METHOD_MATCH = YES;
				CODE_SIGN_ENTITLEMENTS = Hymnal.OSX/Hymnal_OSX.entitlements;
				CODE_SIGN_STYLE = Automatic;
				COMBINE_HIDPI_IMAGES = YES;
				COPY_PHASE_STRIP = NO;
				DEBUG_INFORMATION_FORMAT = dwarf;
				DEVELOPMENT_TEAM = NN5QG884Y4;
				ENABLE_HARDENED_RUNTIME = YES;
				ENABLE_STRICT_OBJC_MSGSEND = YES;
				ENABLE_TESTABILITY = YES;
				GCC_C_LANGUAGE_STANDARD = gnu11;
				GCC_DYNAMIC_NO_PIC = NO;
				GCC_NO_COMMON_BLOCKS = YES;
				GCC_OPTIMIZATION_LEVEL = 0;
				GCC_PREPROCESSOR_DEFINITIONS = (
					"DEBUG=1",
					"$(inherited)",
				);
				GCC_WARN_64_TO_32_BIT_CONVERSION = YES;
				GCC_WARN_ABOUT_RETURN_TYPE = YES_ERROR;
				GCC_WARN_UNDECLARED_SELECTOR = YES;
				GCC_WARN_UNINITIALIZED_AUTOS = YES_AGGRESSIVE;
				GCC_WARN_UNUSED_FUNCTION = YES;
				GCC_WARN_UNUSED_VARIABLE = YES;
				INFOPLIST_FILE = Hymnal.OSX/Info.plist;
				LD_RUNPATH_SEARCH_PATHS = (
					"$(inherited)",
					"@executable_path/../Frameworks",
				);
				MACOSX_DEPLOYMENT_TARGET = 10.15;
				MTL_ENABLE_DEBUG_INFO = INCLUDE_SOURCE;
				MTL_FAST_MATH = YES;
				ONLY_ACTIVE_ARCH = YES;
				PRODUCT_BUNDLE_IDENTIFIER = "com.isaacTesting.Hymnal-OSX";
				PRODUCT_NAME = "$(TARGET_NAME)";
				SDKROOT = macosx;
				SWIFT_ACTIVE_COMPILATION_CONDITIONS = DEBUG;
				SWIFT_OPTIMIZATION_LEVEL = "-Onone";
				SWIFT_VERSION = 5.0;
			};
			name = Debug;
		};
		6A05B3A2242F73E10096DBCD /* Release */ = {
			isa = XCBuildConfiguration;
			buildSettings = {
				ALWAYS_SEARCH_USER_PATHS = NO;
				ASSETCATALOG_COMPILER_APPICON_NAME = AppIcon;
				CLANG_ANALYZER_NONNULL = YES;
				CLANG_ANALYZER_NUMBER_OBJECT_CONVERSION = YES_AGGRESSIVE;
				CLANG_CXX_LANGUAGE_STANDARD = "gnu++14";
				CLANG_CXX_LIBRARY = "libc++";
				CLANG_ENABLE_MODULES = YES;
				CLANG_ENABLE_OBJC_ARC = YES;
				CLANG_ENABLE_OBJC_WEAK = YES;
				CLANG_WARN_BLOCK_CAPTURE_AUTORELEASING = YES;
				CLANG_WARN_BOOL_CONVERSION = YES;
				CLANG_WARN_COMMA = YES;
				CLANG_WARN_CONSTANT_CONVERSION = YES;
				CLANG_WARN_DEPRECATED_OBJC_IMPLEMENTATIONS = YES;
				CLANG_WARN_DIRECT_OBJC_ISA_USAGE = YES_ERROR;
				CLANG_WARN_DOCUMENTATION_COMMENTS = YES;
				CLANG_WARN_EMPTY_BODY = YES;
				CLANG_WARN_ENUM_CONVERSION = YES;
				CLANG_WARN_INFINITE_RECURSION = YES;
				CLANG_WARN_INT_CONVERSION = YES;
				CLANG_WARN_NON_LITERAL_NULL_CONVERSION = YES;
				CLANG_WARN_OBJC_IMPLICIT_RETAIN_SELF = YES;
				CLANG_WARN_OBJC_LITERAL_CONVERSION = YES;
				CLANG_WARN_OBJC_ROOT_CLASS = YES_ERROR;
				CLANG_WARN_RANGE_LOOP_ANALYSIS = YES;
				CLANG_WARN_STRICT_PROTOTYPES = YES;
				CLANG_WARN_SUSPICIOUS_MOVE = YES;
				CLANG_WARN_UNGUARDED_AVAILABILITY = YES_AGGRESSIVE;
				CLANG_WARN_UNREACHABLE_CODE = YES;
				CLANG_WARN__DUPLICATE_METHOD_MATCH = YES;
				CODE_SIGN_ENTITLEMENTS = Hymnal.OSX/Hymnal_OSX.entitlements;
				CODE_SIGN_STYLE = Automatic;
				COMBINE_HIDPI_IMAGES = YES;
				COPY_PHASE_STRIP = NO;
				DEBUG_INFORMATION_FORMAT = "dwarf-with-dsym";
				DEVELOPMENT_TEAM = NN5QG884Y4;
				ENABLE_HARDENED_RUNTIME = YES;
				ENABLE_NS_ASSERTIONS = NO;
				ENABLE_STRICT_OBJC_MSGSEND = YES;
				GCC_C_LANGUAGE_STANDARD = gnu11;
				GCC_NO_COMMON_BLOCKS = YES;
				GCC_WARN_64_TO_32_BIT_CONVERSION = YES;
				GCC_WARN_ABOUT_RETURN_TYPE = YES_ERROR;
				GCC_WARN_UNDECLARED_SELECTOR = YES;
				GCC_WARN_UNINITIALIZED_AUTOS = YES_AGGRESSIVE;
				GCC_WARN_UNUSED_FUNCTION = YES;
				GCC_WARN_UNUSED_VARIABLE = YES;
				INFOPLIST_FILE = Hymnal.OSX/Info.plist;
				LD_RUNPATH_SEARCH_PATHS = (
					"$(inherited)",
					"@executable_path/../Frameworks",
				);
				MACOSX_DEPLOYMENT_TARGET = 10.15;
				MTL_ENABLE_DEBUG_INFO = NO;
				MTL_FAST_MATH = YES;
				PRODUCT_BUNDLE_IDENTIFIER = "com.isaacTesting.Hymnal-OSX";
				PRODUCT_NAME = "$(TARGET_NAME)";
				SDKROOT = macosx;
				SWIFT_COMPILATION_MODE = wholemodule;
				SWIFT_OPTIMIZATION_LEVEL = "-O";
				SWIFT_VERSION = 5.0;
			};
			name = Release;
		};
		6A05B3A4242F73E10096DBCD /* Debug */ = {
			isa = XCBuildConfiguration;
			buildSettings = {
				ALWAYS_EMBED_SWIFT_STANDARD_LIBRARIES = YES;
				ALWAYS_SEARCH_USER_PATHS = NO;
				BUNDLE_LOADER = "$(TEST_HOST)";
				CLANG_ANALYZER_NONNULL = YES;
				CLANG_ANALYZER_NUMBER_OBJECT_CONVERSION = YES_AGGRESSIVE;
				CLANG_CXX_LANGUAGE_STANDARD = "gnu++14";
				CLANG_CXX_LIBRARY = "libc++";
				CLANG_ENABLE_MODULES = YES;
				CLANG_ENABLE_OBJC_ARC = YES;
				CLANG_ENABLE_OBJC_WEAK = YES;
				CLANG_WARN_BLOCK_CAPTURE_AUTORELEASING = YES;
				CLANG_WARN_BOOL_CONVERSION = YES;
				CLANG_WARN_COMMA = YES;
				CLANG_WARN_CONSTANT_CONVERSION = YES;
				CLANG_WARN_DEPRECATED_OBJC_IMPLEMENTATIONS = YES;
				CLANG_WARN_DIRECT_OBJC_ISA_USAGE = YES_ERROR;
				CLANG_WARN_DOCUMENTATION_COMMENTS = YES;
				CLANG_WARN_EMPTY_BODY = YES;
				CLANG_WARN_ENUM_CONVERSION = YES;
				CLANG_WARN_INFINITE_RECURSION = YES;
				CLANG_WARN_INT_CONVERSION = YES;
				CLANG_WARN_NON_LITERAL_NULL_CONVERSION = YES;
				CLANG_WARN_OBJC_IMPLICIT_RETAIN_SELF = YES;
				CLANG_WARN_OBJC_LITERAL_CONVERSION = YES;
				CLANG_WARN_OBJC_ROOT_CLASS = YES_ERROR;
				CLANG_WARN_RANGE_LOOP_ANALYSIS = YES;
				CLANG_WARN_STRICT_PROTOTYPES = YES;
				CLANG_WARN_SUSPICIOUS_MOVE = YES;
				CLANG_WARN_UNGUARDED_AVAILABILITY = YES_AGGRESSIVE;
				CLANG_WARN_UNREACHABLE_CODE = YES;
				CLANG_WARN__DUPLICATE_METHOD_MATCH = YES;
				CODE_SIGN_STYLE = Automatic;
				COMBINE_HIDPI_IMAGES = YES;
				COPY_PHASE_STRIP = NO;
				DEBUG_INFORMATION_FORMAT = dwarf;
				DEVELOPMENT_TEAM = NN5QG884Y4;
				ENABLE_STRICT_OBJC_MSGSEND = YES;
				ENABLE_TESTABILITY = YES;
				GCC_C_LANGUAGE_STANDARD = gnu11;
				GCC_DYNAMIC_NO_PIC = NO;
				GCC_NO_COMMON_BLOCKS = YES;
				GCC_OPTIMIZATION_LEVEL = 0;
				GCC_PREPROCESSOR_DEFINITIONS = (
					"DEBUG=1",
					"$(inherited)",
				);
				GCC_WARN_64_TO_32_BIT_CONVERSION = YES;
				GCC_WARN_ABOUT_RETURN_TYPE = YES_ERROR;
				GCC_WARN_UNDECLARED_SELECTOR = YES;
				GCC_WARN_UNINITIALIZED_AUTOS = YES_AGGRESSIVE;
				GCC_WARN_UNUSED_FUNCTION = YES;
				GCC_WARN_UNUSED_VARIABLE = YES;
				INFOPLIST_FILE = Hymnal.OSXTests/Info.plist;
				LD_RUNPATH_SEARCH_PATHS = (
					"$(inherited)",
					"@executable_path/../Frameworks",
					"@loader_path/../Frameworks",
				);
				MACOSX_DEPLOYMENT_TARGET = 10.15;
				MTL_ENABLE_DEBUG_INFO = INCLUDE_SOURCE;
				MTL_FAST_MATH = YES;
				ONLY_ACTIVE_ARCH = YES;
				PRODUCT_BUNDLE_IDENTIFIER = "com.isaacTesting.Hymnal-OSXTests";
				PRODUCT_NAME = "$(TARGET_NAME)";
				SDKROOT = macosx;
				SWIFT_ACTIVE_COMPILATION_CONDITIONS = DEBUG;
				SWIFT_OPTIMIZATION_LEVEL = "-Onone";
				SWIFT_VERSION = 5.0;
				TEST_HOST = "$(BUILT_PRODUCTS_DIR)/Hymnal.OSX.app/Contents/MacOS/Hymnal.OSX";
			};
			name = Debug;
		};
		6A05B3A5242F73E10096DBCD /* Release */ = {
			isa = XCBuildConfiguration;
			buildSettings = {
				ALWAYS_EMBED_SWIFT_STANDARD_LIBRARIES = YES;
				ALWAYS_SEARCH_USER_PATHS = NO;
				BUNDLE_LOADER = "$(TEST_HOST)";
				CLANG_ANALYZER_NONNULL = YES;
				CLANG_ANALYZER_NUMBER_OBJECT_CONVERSION = YES_AGGRESSIVE;
				CLANG_CXX_LANGUAGE_STANDARD = "gnu++14";
				CLANG_CXX_LIBRARY = "libc++";
				CLANG_ENABLE_MODULES = YES;
				CLANG_ENABLE_OBJC_ARC = YES;
				CLANG_ENABLE_OBJC_WEAK = YES;
				CLANG_WARN_BLOCK_CAPTURE_AUTORELEASING = YES;
				CLANG_WARN_BOOL_CONVERSION = YES;
				CLANG_WARN_COMMA = YES;
				CLANG_WARN_CONSTANT_CONVERSION = YES;
				CLANG_WARN_DEPRECATED_OBJC_IMPLEMENTATIONS = YES;
				CLANG_WARN_DIRECT_OBJC_ISA_USAGE = YES_ERROR;
				CLANG_WARN_DOCUMENTATION_COMMENTS = YES;
				CLANG_WARN_EMPTY_BODY = YES;
				CLANG_WARN_ENUM_CONVERSION = YES;
				CLANG_WARN_INFINITE_RECURSION = YES;
				CLANG_WARN_INT_CONVERSION = YES;
				CLANG_WARN_NON_LITERAL_NULL_CONVERSION = YES;
				CLANG_WARN_OBJC_IMPLICIT_RETAIN_SELF = YES;
				CLANG_WARN_OBJC_LITERAL_CONVERSION = YES;
				CLANG_WARN_OBJC_ROOT_CLASS = YES_ERROR;
				CLANG_WARN_RANGE_LOOP_ANALYSIS = YES;
				CLANG_WARN_STRICT_PROTOTYPES = YES;
				CLANG_WARN_SUSPICIOUS_MOVE = YES;
				CLANG_WARN_UNGUARDED_AVAILABILITY = YES_AGGRESSIVE;
				CLANG_WARN_UNREACHABLE_CODE = YES;
				CLANG_WARN__DUPLICATE_METHOD_MATCH = YES;
				CODE_SIGN_STYLE = Automatic;
				COMBINE_HIDPI_IMAGES = YES;
				COPY_PHASE_STRIP = NO;
				DEBUG_INFORMATION_FORMAT = "dwarf-with-dsym";
				DEVELOPMENT_TEAM = NN5QG884Y4;
				ENABLE_NS_ASSERTIONS = NO;
				ENABLE_STRICT_OBJC_MSGSEND = YES;
				GCC_C_LANGUAGE_STANDARD = gnu11;
				GCC_NO_COMMON_BLOCKS = YES;
				GCC_WARN_64_TO_32_BIT_CONVERSION = YES;
				GCC_WARN_ABOUT_RETURN_TYPE = YES_ERROR;
				GCC_WARN_UNDECLARED_SELECTOR = YES;
				GCC_WARN_UNINITIALIZED_AUTOS = YES_AGGRESSIVE;
				GCC_WARN_UNUSED_FUNCTION = YES;
				GCC_WARN_UNUSED_VARIABLE = YES;
				INFOPLIST_FILE = Hymnal.OSXTests/Info.plist;
				LD_RUNPATH_SEARCH_PATHS = (
					"$(inherited)",
					"@executable_path/../Frameworks",
					"@loader_path/../Frameworks",
				);
				MACOSX_DEPLOYMENT_TARGET = 10.15;
				MTL_ENABLE_DEBUG_INFO = NO;
				MTL_FAST_MATH = YES;
				PRODUCT_BUNDLE_IDENTIFIER = "com.isaacTesting.Hymnal-OSXTests";
				PRODUCT_NAME = "$(TARGET_NAME)";
				SDKROOT = macosx;
				SWIFT_COMPILATION_MODE = wholemodule;
				SWIFT_OPTIMIZATION_LEVEL = "-O";
				SWIFT_VERSION = 5.0;
				TEST_HOST = "$(BUILT_PRODUCTS_DIR)/Hymnal.OSX.app/Contents/MacOS/Hymnal.OSX";
			};
			name = Release;
		};
		6A05B3A7242F73E10096DBCD /* Debug */ = {
			isa = XCBuildConfiguration;
			buildSettings = {
				ALWAYS_EMBED_SWIFT_STANDARD_LIBRARIES = YES;
				ALWAYS_SEARCH_USER_PATHS = NO;
				CLANG_ANALYZER_NONNULL = YES;
				CLANG_ANALYZER_NUMBER_OBJECT_CONVERSION = YES_AGGRESSIVE;
				CLANG_CXX_LANGUAGE_STANDARD = "gnu++14";
				CLANG_CXX_LIBRARY = "libc++";
				CLANG_ENABLE_MODULES = YES;
				CLANG_ENABLE_OBJC_ARC = YES;
				CLANG_ENABLE_OBJC_WEAK = YES;
				CLANG_WARN_BLOCK_CAPTURE_AUTORELEASING = YES;
				CLANG_WARN_BOOL_CONVERSION = YES;
				CLANG_WARN_COMMA = YES;
				CLANG_WARN_CONSTANT_CONVERSION = YES;
				CLANG_WARN_DEPRECATED_OBJC_IMPLEMENTATIONS = YES;
				CLANG_WARN_DIRECT_OBJC_ISA_USAGE = YES_ERROR;
				CLANG_WARN_DOCUMENTATION_COMMENTS = YES;
				CLANG_WARN_EMPTY_BODY = YES;
				CLANG_WARN_ENUM_CONVERSION = YES;
				CLANG_WARN_INFINITE_RECURSION = YES;
				CLANG_WARN_INT_CONVERSION = YES;
				CLANG_WARN_NON_LITERAL_NULL_CONVERSION = YES;
				CLANG_WARN_OBJC_IMPLICIT_RETAIN_SELF = YES;
				CLANG_WARN_OBJC_LITERAL_CONVERSION = YES;
				CLANG_WARN_OBJC_ROOT_CLASS = YES_ERROR;
				CLANG_WARN_RANGE_LOOP_ANALYSIS = YES;
				CLANG_WARN_STRICT_PROTOTYPES = YES;
				CLANG_WARN_SUSPICIOUS_MOVE = YES;
				CLANG_WARN_UNGUARDED_AVAILABILITY = YES_AGGRESSIVE;
				CLANG_WARN_UNREACHABLE_CODE = YES;
				CLANG_WARN__DUPLICATE_METHOD_MATCH = YES;
				CODE_SIGN_STYLE = Automatic;
				COMBINE_HIDPI_IMAGES = YES;
				COPY_PHASE_STRIP = NO;
				DEBUG_INFORMATION_FORMAT = dwarf;
				DEVELOPMENT_TEAM = NN5QG884Y4;
				ENABLE_STRICT_OBJC_MSGSEND = YES;
				ENABLE_TESTABILITY = YES;
				GCC_C_LANGUAGE_STANDARD = gnu11;
				GCC_DYNAMIC_NO_PIC = NO;
				GCC_NO_COMMON_BLOCKS = YES;
				GCC_OPTIMIZATION_LEVEL = 0;
				GCC_PREPROCESSOR_DEFINITIONS = (
					"DEBUG=1",
					"$(inherited)",
				);
				GCC_WARN_64_TO_32_BIT_CONVERSION = YES;
				GCC_WARN_ABOUT_RETURN_TYPE = YES_ERROR;
				GCC_WARN_UNDECLARED_SELECTOR = YES;
				GCC_WARN_UNINITIALIZED_AUTOS = YES_AGGRESSIVE;
				GCC_WARN_UNUSED_FUNCTION = YES;
				GCC_WARN_UNUSED_VARIABLE = YES;
				INFOPLIST_FILE = Hymnal.OSXUITests/Info.plist;
				LD_RUNPATH_SEARCH_PATHS = (
					"$(inherited)",
					"@executable_path/../Frameworks",
					"@loader_path/../Frameworks",
				);
				MACOSX_DEPLOYMENT_TARGET = 10.15;
				MTL_ENABLE_DEBUG_INFO = INCLUDE_SOURCE;
				MTL_FAST_MATH = YES;
				ONLY_ACTIVE_ARCH = YES;
				PRODUCT_BUNDLE_IDENTIFIER = "com.isaacTesting.Hymnal-OSXUITests";
				PRODUCT_NAME = "$(TARGET_NAME)";
				SDKROOT = macosx;
				SWIFT_ACTIVE_COMPILATION_CONDITIONS = DEBUG;
				SWIFT_OPTIMIZATION_LEVEL = "-Onone";
				SWIFT_VERSION = 5.0;
				TEST_TARGET_NAME = Hymnal.OSX;
			};
			name = Debug;
		};
		6A05B3A8242F73E10096DBCD /* Release */ = {
			isa = XCBuildConfiguration;
			buildSettings = {
				ALWAYS_EMBED_SWIFT_STANDARD_LIBRARIES = YES;
				ALWAYS_SEARCH_USER_PATHS = NO;
				CLANG_ANALYZER_NONNULL = YES;
				CLANG_ANALYZER_NUMBER_OBJECT_CONVERSION = YES_AGGRESSIVE;
				CLANG_CXX_LANGUAGE_STANDARD = "gnu++14";
				CLANG_CXX_LIBRARY = "libc++";
				CLANG_ENABLE_MODULES = YES;
				CLANG_ENABLE_OBJC_ARC = YES;
				CLANG_ENABLE_OBJC_WEAK = YES;
				CLANG_WARN_BLOCK_CAPTURE_AUTORELEASING = YES;
				CLANG_WARN_BOOL_CONVERSION = YES;
				CLANG_WARN_COMMA = YES;
				CLANG_WARN_CONSTANT_CONVERSION = YES;
				CLANG_WARN_DEPRECATED_OBJC_IMPLEMENTATIONS = YES;
				CLANG_WARN_DIRECT_OBJC_ISA_USAGE = YES_ERROR;
				CLANG_WARN_DOCUMENTATION_COMMENTS = YES;
				CLANG_WARN_EMPTY_BODY = YES;
				CLANG_WARN_ENUM_CONVERSION = YES;
				CLANG_WARN_INFINITE_RECURSION = YES;
				CLANG_WARN_INT_CONVERSION = YES;
				CLANG_WARN_NON_LITERAL_NULL_CONVERSION = YES;
				CLANG_WARN_OBJC_IMPLICIT_RETAIN_SELF = YES;
				CLANG_WARN_OBJC_LITERAL_CONVERSION = YES;
				CLANG_WARN_OBJC_ROOT_CLASS = YES_ERROR;
				CLANG_WARN_RANGE_LOOP_ANALYSIS = YES;
				CLANG_WARN_STRICT_PROTOTYPES = YES;
				CLANG_WARN_SUSPICIOUS_MOVE = YES;
				CLANG_WARN_UNGUARDED_AVAILABILITY = YES_AGGRESSIVE;
				CLANG_WARN_UNREACHABLE_CODE = YES;
				CLANG_WARN__DUPLICATE_METHOD_MATCH = YES;
				CODE_SIGN_STYLE = Automatic;
				COMBINE_HIDPI_IMAGES = YES;
				COPY_PHASE_STRIP = NO;
				DEBUG_INFORMATION_FORMAT = "dwarf-with-dsym";
				DEVELOPMENT_TEAM = NN5QG884Y4;
				ENABLE_NS_ASSERTIONS = NO;
				ENABLE_STRICT_OBJC_MSGSEND = YES;
				GCC_C_LANGUAGE_STANDARD = gnu11;
				GCC_NO_COMMON_BLOCKS = YES;
				GCC_WARN_64_TO_32_BIT_CONVERSION = YES;
				GCC_WARN_ABOUT_RETURN_TYPE = YES_ERROR;
				GCC_WARN_UNDECLARED_SELECTOR = YES;
				GCC_WARN_UNINITIALIZED_AUTOS = YES_AGGRESSIVE;
				GCC_WARN_UNUSED_FUNCTION = YES;
				GCC_WARN_UNUSED_VARIABLE = YES;
				INFOPLIST_FILE = Hymnal.OSXUITests/Info.plist;
				LD_RUNPATH_SEARCH_PATHS = (
					"$(inherited)",
					"@executable_path/../Frameworks",
					"@loader_path/../Frameworks",
				);
				MACOSX_DEPLOYMENT_TARGET = 10.15;
				MTL_ENABLE_DEBUG_INFO = NO;
				MTL_FAST_MATH = YES;
				PRODUCT_BUNDLE_IDENTIFIER = "com.isaacTesting.Hymnal-OSXUITests";
				PRODUCT_NAME = "$(TARGET_NAME)";
				SDKROOT = macosx;
				SWIFT_COMPILATION_MODE = wholemodule;
				SWIFT_OPTIMIZATION_LEVEL = "-O";
				SWIFT_VERSION = 5.0;
				TEST_TARGET_NAME = Hymnal.OSX;
			};
			name = Release;
		};
		6A05B3D7242F744A0096DBCD /* Debug */ = {
			isa = XCBuildConfiguration;
			buildSettings = {
				ALWAYS_SEARCH_USER_PATHS = NO;
				ASSETCATALOG_COMPILER_APPICON_NAME = AppIcon;
				CLANG_ANALYZER_NONNULL = YES;
				CLANG_ANALYZER_NUMBER_OBJECT_CONVERSION = YES_AGGRESSIVE;
				CLANG_CXX_LANGUAGE_STANDARD = "gnu++14";
				CLANG_CXX_LIBRARY = "libc++";
				CLANG_ENABLE_MODULES = YES;
				CLANG_ENABLE_OBJC_ARC = YES;
				CLANG_ENABLE_OBJC_WEAK = YES;
				CLANG_WARN_BLOCK_CAPTURE_AUTORELEASING = YES;
				CLANG_WARN_BOOL_CONVERSION = YES;
				CLANG_WARN_COMMA = YES;
				CLANG_WARN_CONSTANT_CONVERSION = YES;
				CLANG_WARN_DEPRECATED_OBJC_IMPLEMENTATIONS = YES;
				CLANG_WARN_DIRECT_OBJC_ISA_USAGE = YES_ERROR;
				CLANG_WARN_DOCUMENTATION_COMMENTS = YES;
				CLANG_WARN_EMPTY_BODY = YES;
				CLANG_WARN_ENUM_CONVERSION = YES;
				CLANG_WARN_INFINITE_RECURSION = YES;
				CLANG_WARN_INT_CONVERSION = YES;
				CLANG_WARN_NON_LITERAL_NULL_CONVERSION = YES;
				CLANG_WARN_OBJC_IMPLICIT_RETAIN_SELF = YES;
				CLANG_WARN_OBJC_LITERAL_CONVERSION = YES;
				CLANG_WARN_OBJC_ROOT_CLASS = YES_ERROR;
				CLANG_WARN_RANGE_LOOP_ANALYSIS = YES;
				CLANG_WARN_STRICT_PROTOTYPES = YES;
				CLANG_WARN_SUSPICIOUS_MOVE = YES;
				CLANG_WARN_UNGUARDED_AVAILABILITY = YES_AGGRESSIVE;
				CLANG_WARN_UNREACHABLE_CODE = YES;
				CLANG_WARN__DUPLICATE_METHOD_MATCH = YES;
				CODE_SIGN_STYLE = Automatic;
				COPY_PHASE_STRIP = NO;
				DEBUG_INFORMATION_FORMAT = dwarf;
				DEVELOPMENT_TEAM = NN5QG884Y4;
				ENABLE_STRICT_OBJC_MSGSEND = YES;
				ENABLE_TESTABILITY = YES;
				GCC_C_LANGUAGE_STANDARD = gnu11;
				GCC_DYNAMIC_NO_PIC = NO;
				GCC_NO_COMMON_BLOCKS = YES;
				GCC_OPTIMIZATION_LEVEL = 0;
				GCC_PREPROCESSOR_DEFINITIONS = (
					"DEBUG=1",
					"$(inherited)",
				);
				GCC_WARN_64_TO_32_BIT_CONVERSION = YES;
				GCC_WARN_ABOUT_RETURN_TYPE = YES_ERROR;
				GCC_WARN_UNDECLARED_SELECTOR = YES;
				GCC_WARN_UNINITIALIZED_AUTOS = YES_AGGRESSIVE;
				GCC_WARN_UNUSED_FUNCTION = YES;
				GCC_WARN_UNUSED_VARIABLE = YES;
				INFOPLIST_FILE = Hymnal.iOS/Info.plist;
				IPHONEOS_DEPLOYMENT_TARGET = 13.3;
				LD_RUNPATH_SEARCH_PATHS = (
					"$(inherited)",
					"@executable_path/Frameworks",
				);
				MTL_ENABLE_DEBUG_INFO = INCLUDE_SOURCE;
				MTL_FAST_MATH = YES;
				ONLY_ACTIVE_ARCH = YES;
				PRODUCT_BUNDLE_IDENTIFIER = "com.isaacTesting.Hymnal-iOS";
				PRODUCT_NAME = Hymnal;
				SDKROOT = iphoneos;
				SWIFT_ACTIVE_COMPILATION_CONDITIONS = DEBUG;
				SWIFT_OPTIMIZATION_LEVEL = "-Onone";
				SWIFT_VERSION = 5.0;
				TARGETED_DEVICE_FAMILY = "1,2";
			};
			name = Debug;
		};
		6A05B3D8242F744A0096DBCD /* Release */ = {
			isa = XCBuildConfiguration;
			buildSettings = {
				ALWAYS_SEARCH_USER_PATHS = NO;
				ASSETCATALOG_COMPILER_APPICON_NAME = AppIcon;
				CLANG_ANALYZER_NONNULL = YES;
				CLANG_ANALYZER_NUMBER_OBJECT_CONVERSION = YES_AGGRESSIVE;
				CLANG_CXX_LANGUAGE_STANDARD = "gnu++14";
				CLANG_CXX_LIBRARY = "libc++";
				CLANG_ENABLE_MODULES = YES;
				CLANG_ENABLE_OBJC_ARC = YES;
				CLANG_ENABLE_OBJC_WEAK = YES;
				CLANG_WARN_BLOCK_CAPTURE_AUTORELEASING = YES;
				CLANG_WARN_BOOL_CONVERSION = YES;
				CLANG_WARN_COMMA = YES;
				CLANG_WARN_CONSTANT_CONVERSION = YES;
				CLANG_WARN_DEPRECATED_OBJC_IMPLEMENTATIONS = YES;
				CLANG_WARN_DIRECT_OBJC_ISA_USAGE = YES_ERROR;
				CLANG_WARN_DOCUMENTATION_COMMENTS = YES;
				CLANG_WARN_EMPTY_BODY = YES;
				CLANG_WARN_ENUM_CONVERSION = YES;
				CLANG_WARN_INFINITE_RECURSION = YES;
				CLANG_WARN_INT_CONVERSION = YES;
				CLANG_WARN_NON_LITERAL_NULL_CONVERSION = YES;
				CLANG_WARN_OBJC_IMPLICIT_RETAIN_SELF = YES;
				CLANG_WARN_OBJC_LITERAL_CONVERSION = YES;
				CLANG_WARN_OBJC_ROOT_CLASS = YES_ERROR;
				CLANG_WARN_RANGE_LOOP_ANALYSIS = YES;
				CLANG_WARN_STRICT_PROTOTYPES = YES;
				CLANG_WARN_SUSPICIOUS_MOVE = YES;
				CLANG_WARN_UNGUARDED_AVAILABILITY = YES_AGGRESSIVE;
				CLANG_WARN_UNREACHABLE_CODE = YES;
				CLANG_WARN__DUPLICATE_METHOD_MATCH = YES;
				CODE_SIGN_STYLE = Automatic;
				COPY_PHASE_STRIP = NO;
				DEBUG_INFORMATION_FORMAT = "dwarf-with-dsym";
				DEVELOPMENT_TEAM = NN5QG884Y4;
				ENABLE_NS_ASSERTIONS = NO;
				ENABLE_STRICT_OBJC_MSGSEND = YES;
				GCC_C_LANGUAGE_STANDARD = gnu11;
				GCC_NO_COMMON_BLOCKS = YES;
				GCC_WARN_64_TO_32_BIT_CONVERSION = YES;
				GCC_WARN_ABOUT_RETURN_TYPE = YES_ERROR;
				GCC_WARN_UNDECLARED_SELECTOR = YES;
				GCC_WARN_UNINITIALIZED_AUTOS = YES_AGGRESSIVE;
				GCC_WARN_UNUSED_FUNCTION = YES;
				GCC_WARN_UNUSED_VARIABLE = YES;
				INFOPLIST_FILE = Hymnal.iOS/Info.plist;
				IPHONEOS_DEPLOYMENT_TARGET = 13.3;
				LD_RUNPATH_SEARCH_PATHS = (
					"$(inherited)",
					"@executable_path/Frameworks",
				);
				MTL_ENABLE_DEBUG_INFO = NO;
				MTL_FAST_MATH = YES;
				PRODUCT_BUNDLE_IDENTIFIER = "com.isaacTesting.Hymnal-iOS";
				PRODUCT_NAME = Hymnal;
				SDKROOT = iphoneos;
				SWIFT_COMPILATION_MODE = wholemodule;
				SWIFT_OPTIMIZATION_LEVEL = "-O";
				SWIFT_VERSION = 5.0;
				TARGETED_DEVICE_FAMILY = "1,2";
				VALIDATE_PRODUCT = YES;
			};
			name = Release;
		};
		6A05B3DA242F744A0096DBCD /* Debug */ = {
			isa = XCBuildConfiguration;
			buildSettings = {
				ALWAYS_EMBED_SWIFT_STANDARD_LIBRARIES = YES;
				ALWAYS_SEARCH_USER_PATHS = NO;
				BUNDLE_LOADER = "$(TEST_HOST)";
				CLANG_ANALYZER_NONNULL = YES;
				CLANG_ANALYZER_NUMBER_OBJECT_CONVERSION = YES_AGGRESSIVE;
				CLANG_CXX_LANGUAGE_STANDARD = "gnu++14";
				CLANG_CXX_LIBRARY = "libc++";
				CLANG_ENABLE_MODULES = YES;
				CLANG_ENABLE_OBJC_ARC = YES;
				CLANG_ENABLE_OBJC_WEAK = YES;
				CLANG_WARN_BLOCK_CAPTURE_AUTORELEASING = YES;
				CLANG_WARN_BOOL_CONVERSION = YES;
				CLANG_WARN_COMMA = YES;
				CLANG_WARN_CONSTANT_CONVERSION = YES;
				CLANG_WARN_DEPRECATED_OBJC_IMPLEMENTATIONS = YES;
				CLANG_WARN_DIRECT_OBJC_ISA_USAGE = YES_ERROR;
				CLANG_WARN_DOCUMENTATION_COMMENTS = YES;
				CLANG_WARN_EMPTY_BODY = YES;
				CLANG_WARN_ENUM_CONVERSION = YES;
				CLANG_WARN_INFINITE_RECURSION = YES;
				CLANG_WARN_INT_CONVERSION = YES;
				CLANG_WARN_NON_LITERAL_NULL_CONVERSION = YES;
				CLANG_WARN_OBJC_IMPLICIT_RETAIN_SELF = YES;
				CLANG_WARN_OBJC_LITERAL_CONVERSION = YES;
				CLANG_WARN_OBJC_ROOT_CLASS = YES_ERROR;
				CLANG_WARN_RANGE_LOOP_ANALYSIS = YES;
				CLANG_WARN_STRICT_PROTOTYPES = YES;
				CLANG_WARN_SUSPICIOUS_MOVE = YES;
				CLANG_WARN_UNGUARDED_AVAILABILITY = YES_AGGRESSIVE;
				CLANG_WARN_UNREACHABLE_CODE = YES;
				CLANG_WARN__DUPLICATE_METHOD_MATCH = YES;
				CODE_SIGN_STYLE = Automatic;
				COPY_PHASE_STRIP = NO;
				DEBUG_INFORMATION_FORMAT = dwarf;
				DEVELOPMENT_TEAM = NN5QG884Y4;
				ENABLE_STRICT_OBJC_MSGSEND = YES;
				ENABLE_TESTABILITY = YES;
				GCC_C_LANGUAGE_STANDARD = gnu11;
				GCC_DYNAMIC_NO_PIC = NO;
				GCC_NO_COMMON_BLOCKS = YES;
				GCC_OPTIMIZATION_LEVEL = 0;
				GCC_PREPROCESSOR_DEFINITIONS = (
					"DEBUG=1",
					"$(inherited)",
				);
				GCC_WARN_64_TO_32_BIT_CONVERSION = YES;
				GCC_WARN_ABOUT_RETURN_TYPE = YES_ERROR;
				GCC_WARN_UNDECLARED_SELECTOR = YES;
				GCC_WARN_UNINITIALIZED_AUTOS = YES_AGGRESSIVE;
				GCC_WARN_UNUSED_FUNCTION = YES;
				GCC_WARN_UNUSED_VARIABLE = YES;
				INFOPLIST_FILE = Hymnal.iOSTests/Info.plist;
				IPHONEOS_DEPLOYMENT_TARGET = 13.4;
				LD_RUNPATH_SEARCH_PATHS = (
					"$(inherited)",
					"@executable_path/Frameworks",
					"@loader_path/Frameworks",
				);
				MTL_ENABLE_DEBUG_INFO = INCLUDE_SOURCE;
				MTL_FAST_MATH = YES;
				ONLY_ACTIVE_ARCH = YES;
				PRODUCT_BUNDLE_IDENTIFIER = "com.isaacTesting.Hymnal-iOSTests";
				PRODUCT_NAME = "$(TARGET_NAME)";
				SDKROOT = iphoneos;
				SWIFT_ACTIVE_COMPILATION_CONDITIONS = DEBUG;
				SWIFT_OPTIMIZATION_LEVEL = "-Onone";
				SWIFT_VERSION = 5.0;
				TARGETED_DEVICE_FAMILY = "1,2";
				TEST_HOST = "$(BUILT_PRODUCTS_DIR)/Hymnal.iOS.app/Hymnal.iOS";
			};
			name = Debug;
		};
		6A05B3DB242F744A0096DBCD /* Release */ = {
			isa = XCBuildConfiguration;
			buildSettings = {
				ALWAYS_EMBED_SWIFT_STANDARD_LIBRARIES = YES;
				ALWAYS_SEARCH_USER_PATHS = NO;
				BUNDLE_LOADER = "$(TEST_HOST)";
				CLANG_ANALYZER_NONNULL = YES;
				CLANG_ANALYZER_NUMBER_OBJECT_CONVERSION = YES_AGGRESSIVE;
				CLANG_CXX_LANGUAGE_STANDARD = "gnu++14";
				CLANG_CXX_LIBRARY = "libc++";
				CLANG_ENABLE_MODULES = YES;
				CLANG_ENABLE_OBJC_ARC = YES;
				CLANG_ENABLE_OBJC_WEAK = YES;
				CLANG_WARN_BLOCK_CAPTURE_AUTORELEASING = YES;
				CLANG_WARN_BOOL_CONVERSION = YES;
				CLANG_WARN_COMMA = YES;
				CLANG_WARN_CONSTANT_CONVERSION = YES;
				CLANG_WARN_DEPRECATED_OBJC_IMPLEMENTATIONS = YES;
				CLANG_WARN_DIRECT_OBJC_ISA_USAGE = YES_ERROR;
				CLANG_WARN_DOCUMENTATION_COMMENTS = YES;
				CLANG_WARN_EMPTY_BODY = YES;
				CLANG_WARN_ENUM_CONVERSION = YES;
				CLANG_WARN_INFINITE_RECURSION = YES;
				CLANG_WARN_INT_CONVERSION = YES;
				CLANG_WARN_NON_LITERAL_NULL_CONVERSION = YES;
				CLANG_WARN_OBJC_IMPLICIT_RETAIN_SELF = YES;
				CLANG_WARN_OBJC_LITERAL_CONVERSION = YES;
				CLANG_WARN_OBJC_ROOT_CLASS = YES_ERROR;
				CLANG_WARN_RANGE_LOOP_ANALYSIS = YES;
				CLANG_WARN_STRICT_PROTOTYPES = YES;
				CLANG_WARN_SUSPICIOUS_MOVE = YES;
				CLANG_WARN_UNGUARDED_AVAILABILITY = YES_AGGRESSIVE;
				CLANG_WARN_UNREACHABLE_CODE = YES;
				CLANG_WARN__DUPLICATE_METHOD_MATCH = YES;
				CODE_SIGN_STYLE = Automatic;
				COPY_PHASE_STRIP = NO;
				DEBUG_INFORMATION_FORMAT = "dwarf-with-dsym";
				DEVELOPMENT_TEAM = NN5QG884Y4;
				ENABLE_NS_ASSERTIONS = NO;
				ENABLE_STRICT_OBJC_MSGSEND = YES;
				GCC_C_LANGUAGE_STANDARD = gnu11;
				GCC_NO_COMMON_BLOCKS = YES;
				GCC_WARN_64_TO_32_BIT_CONVERSION = YES;
				GCC_WARN_ABOUT_RETURN_TYPE = YES_ERROR;
				GCC_WARN_UNDECLARED_SELECTOR = YES;
				GCC_WARN_UNINITIALIZED_AUTOS = YES_AGGRESSIVE;
				GCC_WARN_UNUSED_FUNCTION = YES;
				GCC_WARN_UNUSED_VARIABLE = YES;
				INFOPLIST_FILE = Hymnal.iOSTests/Info.plist;
				IPHONEOS_DEPLOYMENT_TARGET = 13.4;
				LD_RUNPATH_SEARCH_PATHS = (
					"$(inherited)",
					"@executable_path/Frameworks",
					"@loader_path/Frameworks",
				);
				MTL_ENABLE_DEBUG_INFO = NO;
				MTL_FAST_MATH = YES;
				PRODUCT_BUNDLE_IDENTIFIER = "com.isaacTesting.Hymnal-iOSTests";
				PRODUCT_NAME = "$(TARGET_NAME)";
				SDKROOT = iphoneos;
				SWIFT_COMPILATION_MODE = wholemodule;
				SWIFT_OPTIMIZATION_LEVEL = "-O";
				SWIFT_VERSION = 5.0;
				TARGETED_DEVICE_FAMILY = "1,2";
				TEST_HOST = "$(BUILT_PRODUCTS_DIR)/Hymnal.iOS.app/Hymnal.iOS";
				VALIDATE_PRODUCT = YES;
			};
			name = Release;
		};
		6A05B3DD242F744A0096DBCD /* Debug */ = {
			isa = XCBuildConfiguration;
			buildSettings = {
				ALWAYS_EMBED_SWIFT_STANDARD_LIBRARIES = YES;
				ALWAYS_SEARCH_USER_PATHS = NO;
				CLANG_ANALYZER_NONNULL = YES;
				CLANG_ANALYZER_NUMBER_OBJECT_CONVERSION = YES_AGGRESSIVE;
				CLANG_CXX_LANGUAGE_STANDARD = "gnu++14";
				CLANG_CXX_LIBRARY = "libc++";
				CLANG_ENABLE_MODULES = YES;
				CLANG_ENABLE_OBJC_ARC = YES;
				CLANG_ENABLE_OBJC_WEAK = YES;
				CLANG_WARN_BLOCK_CAPTURE_AUTORELEASING = YES;
				CLANG_WARN_BOOL_CONVERSION = YES;
				CLANG_WARN_COMMA = YES;
				CLANG_WARN_CONSTANT_CONVERSION = YES;
				CLANG_WARN_DEPRECATED_OBJC_IMPLEMENTATIONS = YES;
				CLANG_WARN_DIRECT_OBJC_ISA_USAGE = YES_ERROR;
				CLANG_WARN_DOCUMENTATION_COMMENTS = YES;
				CLANG_WARN_EMPTY_BODY = YES;
				CLANG_WARN_ENUM_CONVERSION = YES;
				CLANG_WARN_INFINITE_RECURSION = YES;
				CLANG_WARN_INT_CONVERSION = YES;
				CLANG_WARN_NON_LITERAL_NULL_CONVERSION = YES;
				CLANG_WARN_OBJC_IMPLICIT_RETAIN_SELF = YES;
				CLANG_WARN_OBJC_LITERAL_CONVERSION = YES;
				CLANG_WARN_OBJC_ROOT_CLASS = YES_ERROR;
				CLANG_WARN_RANGE_LOOP_ANALYSIS = YES;
				CLANG_WARN_STRICT_PROTOTYPES = YES;
				CLANG_WARN_SUSPICIOUS_MOVE = YES;
				CLANG_WARN_UNGUARDED_AVAILABILITY = YES_AGGRESSIVE;
				CLANG_WARN_UNREACHABLE_CODE = YES;
				CLANG_WARN__DUPLICATE_METHOD_MATCH = YES;
				CODE_SIGN_STYLE = Automatic;
				COPY_PHASE_STRIP = NO;
				DEBUG_INFORMATION_FORMAT = dwarf;
				DEVELOPMENT_TEAM = NN5QG884Y4;
				ENABLE_STRICT_OBJC_MSGSEND = YES;
				ENABLE_TESTABILITY = YES;
				GCC_C_LANGUAGE_STANDARD = gnu11;
				GCC_DYNAMIC_NO_PIC = NO;
				GCC_NO_COMMON_BLOCKS = YES;
				GCC_OPTIMIZATION_LEVEL = 0;
				GCC_PREPROCESSOR_DEFINITIONS = (
					"DEBUG=1",
					"$(inherited)",
				);
				GCC_WARN_64_TO_32_BIT_CONVERSION = YES;
				GCC_WARN_ABOUT_RETURN_TYPE = YES_ERROR;
				GCC_WARN_UNDECLARED_SELECTOR = YES;
				GCC_WARN_UNINITIALIZED_AUTOS = YES_AGGRESSIVE;
				GCC_WARN_UNUSED_FUNCTION = YES;
				GCC_WARN_UNUSED_VARIABLE = YES;
				INFOPLIST_FILE = Hymnal.iOSUITests/Info.plist;
				IPHONEOS_DEPLOYMENT_TARGET = 13.4;
				LD_RUNPATH_SEARCH_PATHS = (
					"$(inherited)",
					"@executable_path/Frameworks",
					"@loader_path/Frameworks",
				);
				MTL_ENABLE_DEBUG_INFO = INCLUDE_SOURCE;
				MTL_FAST_MATH = YES;
				ONLY_ACTIVE_ARCH = YES;
				PRODUCT_BUNDLE_IDENTIFIER = "com.isaacTesting.Hymnal-iOSUITests";
				PRODUCT_NAME = "$(TARGET_NAME)";
				SDKROOT = iphoneos;
				SWIFT_ACTIVE_COMPILATION_CONDITIONS = DEBUG;
				SWIFT_OPTIMIZATION_LEVEL = "-Onone";
				SWIFT_VERSION = 5.0;
				TARGETED_DEVICE_FAMILY = "1,2";
				TEST_TARGET_NAME = Hymnal.iOS;
			};
			name = Debug;
		};
		6A05B3DE242F744A0096DBCD /* Release */ = {
			isa = XCBuildConfiguration;
			buildSettings = {
				ALWAYS_EMBED_SWIFT_STANDARD_LIBRARIES = YES;
				ALWAYS_SEARCH_USER_PATHS = NO;
				CLANG_ANALYZER_NONNULL = YES;
				CLANG_ANALYZER_NUMBER_OBJECT_CONVERSION = YES_AGGRESSIVE;
				CLANG_CXX_LANGUAGE_STANDARD = "gnu++14";
				CLANG_CXX_LIBRARY = "libc++";
				CLANG_ENABLE_MODULES = YES;
				CLANG_ENABLE_OBJC_ARC = YES;
				CLANG_ENABLE_OBJC_WEAK = YES;
				CLANG_WARN_BLOCK_CAPTURE_AUTORELEASING = YES;
				CLANG_WARN_BOOL_CONVERSION = YES;
				CLANG_WARN_COMMA = YES;
				CLANG_WARN_CONSTANT_CONVERSION = YES;
				CLANG_WARN_DEPRECATED_OBJC_IMPLEMENTATIONS = YES;
				CLANG_WARN_DIRECT_OBJC_ISA_USAGE = YES_ERROR;
				CLANG_WARN_DOCUMENTATION_COMMENTS = YES;
				CLANG_WARN_EMPTY_BODY = YES;
				CLANG_WARN_ENUM_CONVERSION = YES;
				CLANG_WARN_INFINITE_RECURSION = YES;
				CLANG_WARN_INT_CONVERSION = YES;
				CLANG_WARN_NON_LITERAL_NULL_CONVERSION = YES;
				CLANG_WARN_OBJC_IMPLICIT_RETAIN_SELF = YES;
				CLANG_WARN_OBJC_LITERAL_CONVERSION = YES;
				CLANG_WARN_OBJC_ROOT_CLASS = YES_ERROR;
				CLANG_WARN_RANGE_LOOP_ANALYSIS = YES;
				CLANG_WARN_STRICT_PROTOTYPES = YES;
				CLANG_WARN_SUSPICIOUS_MOVE = YES;
				CLANG_WARN_UNGUARDED_AVAILABILITY = YES_AGGRESSIVE;
				CLANG_WARN_UNREACHABLE_CODE = YES;
				CLANG_WARN__DUPLICATE_METHOD_MATCH = YES;
				CODE_SIGN_STYLE = Automatic;
				COPY_PHASE_STRIP = NO;
				DEBUG_INFORMATION_FORMAT = "dwarf-with-dsym";
				DEVELOPMENT_TEAM = NN5QG884Y4;
				ENABLE_NS_ASSERTIONS = NO;
				ENABLE_STRICT_OBJC_MSGSEND = YES;
				GCC_C_LANGUAGE_STANDARD = gnu11;
				GCC_NO_COMMON_BLOCKS = YES;
				GCC_WARN_64_TO_32_BIT_CONVERSION = YES;
				GCC_WARN_ABOUT_RETURN_TYPE = YES_ERROR;
				GCC_WARN_UNDECLARED_SELECTOR = YES;
				GCC_WARN_UNINITIALIZED_AUTOS = YES_AGGRESSIVE;
				GCC_WARN_UNUSED_FUNCTION = YES;
				GCC_WARN_UNUSED_VARIABLE = YES;
				INFOPLIST_FILE = Hymnal.iOSUITests/Info.plist;
				IPHONEOS_DEPLOYMENT_TARGET = 13.4;
				LD_RUNPATH_SEARCH_PATHS = (
					"$(inherited)",
					"@executable_path/Frameworks",
					"@loader_path/Frameworks",
				);
				MTL_ENABLE_DEBUG_INFO = NO;
				MTL_FAST_MATH = YES;
				PRODUCT_BUNDLE_IDENTIFIER = "com.isaacTesting.Hymnal-iOSUITests";
				PRODUCT_NAME = "$(TARGET_NAME)";
				SDKROOT = iphoneos;
				SWIFT_COMPILATION_MODE = wholemodule;
				SWIFT_OPTIMIZATION_LEVEL = "-O";
				SWIFT_VERSION = 5.0;
				TARGETED_DEVICE_FAMILY = "1,2";
				TEST_TARGET_NAME = Hymnal.iOS;
				VALIDATE_PRODUCT = YES;
			};
			name = Release;
		};
/* End XCBuildConfiguration section */

/* Begin XCConfigurationList section */
		6A05B2D6242F70D50096DBCD /* Build configuration list for PBXProject "Hymnal" */ = {
			isa = XCConfigurationList;
			buildConfigurations = (
				6A05B2D7242F70D50096DBCD /* Debug */,
				6A05B2D8242F70D50096DBCD /* Release */,
			);
			defaultConfigurationIsVisible = 0;
			defaultConfigurationName = Release;
		};
		6A05B370242F733A0096DBCD /* Build configuration list for PBXNativeTarget "Hymnal.TV" */ = {
			isa = XCConfigurationList;
			buildConfigurations = (
				6A05B371242F733A0096DBCD /* Debug */,
				6A05B372242F733A0096DBCD /* Release */,
			);
			defaultConfigurationIsVisible = 0;
			defaultConfigurationName = Release;
		};
		6A05B373242F733A0096DBCD /* Build configuration list for PBXNativeTarget "Hymnal.TVTests" */ = {
			isa = XCConfigurationList;
			buildConfigurations = (
				6A05B374242F733A0096DBCD /* Debug */,
				6A05B375242F733A0096DBCD /* Release */,
			);
			defaultConfigurationIsVisible = 0;
			defaultConfigurationName = Release;
		};
		6A05B376242F733A0096DBCD /* Build configuration list for PBXNativeTarget "Hymnal.TVUITests" */ = {
			isa = XCConfigurationList;
			buildConfigurations = (
				6A05B377242F733A0096DBCD /* Debug */,
				6A05B378242F733A0096DBCD /* Release */,
			);
			defaultConfigurationIsVisible = 0;
			defaultConfigurationName = Release;
		};
		6A05B3A0242F73E10096DBCD /* Build configuration list for PBXNativeTarget "Hymnal.OSX" */ = {
			isa = XCConfigurationList;
			buildConfigurations = (
				6A05B3A1242F73E10096DBCD /* Debug */,
				6A05B3A2242F73E10096DBCD /* Release */,
			);
			defaultConfigurationIsVisible = 0;
			defaultConfigurationName = Release;
		};
		6A05B3A3242F73E10096DBCD /* Build configuration list for PBXNativeTarget "Hymnal.OSXTests" */ = {
			isa = XCConfigurationList;
			buildConfigurations = (
				6A05B3A4242F73E10096DBCD /* Debug */,
				6A05B3A5242F73E10096DBCD /* Release */,
			);
			defaultConfigurationIsVisible = 0;
			defaultConfigurationName = Release;
		};
		6A05B3A6242F73E10096DBCD /* Build configuration list for PBXNativeTarget "Hymnal.OSXUITests" */ = {
			isa = XCConfigurationList;
			buildConfigurations = (
				6A05B3A7242F73E10096DBCD /* Debug */,
				6A05B3A8242F73E10096DBCD /* Release */,
			);
			defaultConfigurationIsVisible = 0;
			defaultConfigurationName = Release;
		};
		6A05B3D6242F744A0096DBCD /* Build configuration list for PBXNativeTarget "Hymnal.iOS" */ = {
			isa = XCConfigurationList;
			buildConfigurations = (
				6A05B3D7242F744A0096DBCD /* Debug */,
				6A05B3D8242F744A0096DBCD /* Release */,
			);
			defaultConfigurationIsVisible = 0;
			defaultConfigurationName = Release;
		};
		6A05B3D9242F744A0096DBCD /* Build configuration list for PBXNativeTarget "Hymnal.iOSTests" */ = {
			isa = XCConfigurationList;
			buildConfigurations = (
				6A05B3DA242F744A0096DBCD /* Debug */,
				6A05B3DB242F744A0096DBCD /* Release */,
			);
			defaultConfigurationIsVisible = 0;
			defaultConfigurationName = Release;
		};
		6A05B3DC242F744A0096DBCD /* Build configuration list for PBXNativeTarget "Hymnal.iOSUITests" */ = {
			isa = XCConfigurationList;
			buildConfigurations = (
				6A05B3DD242F744A0096DBCD /* Debug */,
				6A05B3DE242F744A0096DBCD /* Release */,
			);
			defaultConfigurationIsVisible = 0;
			defaultConfigurationName = Release;
		};
/* End XCConfigurationList section */
	};
	rootObject = 6A05B2D3242F70D50096DBCD /* Project object */;
}
